
Microsoft Visual Studio Solution File, Format Version 12.00
# Visual Studio Version 16
VisualStudioVersion = 16.0.30114.105
MinimumVisualStudioVersion = 10.0.40219.1
Project("{9A19103F-16F7-4668-BE54-9A1E7A4F7556}") = "BilibiliSpider", "BilibiliSpider\BilibiliSpider.csproj", "{69866E13-60E2-4DD5-82F4-C0BFEA54A41A}"
EndProject
Project("{2150E333-8FDC-42A3-9474-1A3956D46DE8}") = "DotnetSpiderSrc", "DotnetSpiderSrc", "{9F2824C1-3BEC-4B46-B7EA-030F4B7D0A6E}"
EndProject
Project("{9A19103F-16F7-4668-BE54-9A1E7A4F7556}") = "DotnetSpider.Spiders", "..\3rdparty\DotnetSpider\src\DotnetSpider.Spiders\DotnetSpider.Spiders.csproj", "{EA9A8EDA-CE47-4312-B167-66748C3357E1}"
EndProject
Project("{9A19103F-16F7-4668-BE54-9A1E7A4F7556}") = "DotnetSpider.Tests", "..\3rdparty\DotnetSpider\src\DotnetSpider.Tests\DotnetSpider.Tests.csproj", "{C7A9BB04-DF91-4D91-9D0D-4A3BA8492106}"
EndProject
Project("{9A19103F-16F7-4668-BE54-9A1E7A4F7556}") = "DotnetSpider.Sample", "..\3rdparty\DotnetSpider\src\DotnetSpider.Sample\DotnetSpider.Sample.csproj", "{5B33116E-A077-4CDD-9485-6E62DB5BF961}"
EndProject
Project("{2150E333-8FDC-42A3-9474-1A3956D46DE8}") = "参考项目", "参考项目", "{5F7F2A11-D31D-418C-9277-BE7F8166113B}"
EndProject
Project("{9A19103F-16F7-4668-BE54-9A1E7A4F7556}") = "DotnetSpider.MySql", "..\3rdparty\DotnetSpider\src\DotnetSpider.MySql\DotnetSpider.MySql.csproj", "{0183AF01-106C-4933-AAED-F076FF7736FA}"
EndProject
Project("{9A19103F-16F7-4668-BE54-9A1E7A4F7556}") = "DotnetSpider.Mongo", "..\3rdparty\DotnetSpider\src\DotnetSpider.Mongo\DotnetSpider.Mongo.csproj", "{3C8DE9AA-2BB9-4E3E-8ABA-D23A7DDE5A77}"
EndProject
Project("{9A19103F-16F7-4668-BE54-9A1E7A4F7556}") = "DotnetSpider.RabbitMQ", "..\3rdparty\DotnetSpider\src\DotnetSpider.RabbitMQ\DotnetSpider.RabbitMQ.csproj", "{A591EA5E-37B2-440C-B736-7E443DCA8678}"
EndProject
Project("{9A19103F-16F7-4668-BE54-9A1E7A4F7556}") = "DotnetSpider.HBase", "..\3rdparty\DotnetSpider\src\DotnetSpider.HBase\DotnetSpider.HBase.csproj", "{FB1F9E4D-D611-4728-90AC-3ADB50912488}"
EndProject
Project("{9A19103F-16F7-4668-BE54-9A1E7A4F7556}") = "ImageAddTags", "ImageAddTags\ImageAddTags.csproj", "{FE537690-82C2-4D59-9E60-8C24CE7BFA68}"
EndProject
Project("{9A19103F-16F7-4668-BE54-9A1E7A4F7556}") = "Tensorflow.Keras", "..\3rdparty\TensorFlow.NET\src\TensorFlowNET.Keras\Tensorflow.Keras.csproj", "{6EC5B5F3-198A-4C68-8308-913E0E4C2041}"
EndProject
Project("{2150E333-8FDC-42A3-9474-1A3956D46DE8}") = "TensorFlow", "TensorFlow", "{2E92DFBB-0FB9-41F1-8A66-1C4638B7AD61}"
EndProject
Project("{9A19103F-16F7-4668-BE54-9A1E7A4F7556}") = "Tensorflow.Binding", "..\3rdparty\TensorFlow.NET\src\TensorFlowNET.Core\Tensorflow.Binding.csproj", "{A268C7E0-F2F0-48EB-8CF3-4910E648C3C5}"
EndProject
Project("{9A19103F-16F7-4668-BE54-9A1E7A4F7556}") = "NumSharp.Lite", "..\3rdparty\NumSharp.Lite\NumSharp\NumSharp.Lite.csproj", "{2C10842D-AD53-44C2-B616-C8BA8DA55DE3}"
EndProject
Project("{9A19103F-16F7-4668-BE54-9A1E7A4F7556}") = "DotnetSpider", "..\3rdparty\DotnetSpider\src\DotnetSpider\DotnetSpider.csproj", "{0DD37FD5-2156-44DE-A25C-89ADAE050558}"
EndProject
Project("{2150E333-8FDC-42A3-9474-1A3956D46DE8}") = "Opencv", "Opencv", "{43F5FF4F-9E07-4929-868C-14E576005A85}"
EndProject
Project("{9A19103F-16F7-4668-BE54-9A1E7A4F7556}") = "OpenCvSharp", "..\3rdparty\opencvsharp\src\OpenCvSharp\OpenCvSharp.csproj", "{08075A10-3AC8-48A5-9635-567997654B28}"
EndProject
Project("{9A19103F-16F7-4668-BE54-9A1E7A4F7556}") = "OpenCvSharp.Extensions", "..\3rdparty\opencvsharp\src\OpenCvSharp.Extensions\OpenCvSharp.Extensions.csproj", "{DF6AFBE3-1B4E-45B7-9718-E7AE059CC6A2}"
EndProject
Project("{9A19103F-16F7-4668-BE54-9A1E7A4F7556}") = "OpenCvSharp.Blob", "..\3rdparty\opencvsharp\src\OpenCvSharp.Blob\OpenCvSharp.Blob.csproj", "{6DDAAA4B-2E22-4E7F-BC16-73A72F87FFB1}"
EndProject
Project("{9A19103F-16F7-4668-BE54-9A1E7A4F7556}") = "OpenCvSharp.Tests", "..\3rdparty\opencvsharp\test\OpenCvSharp.Tests\OpenCvSharp.Tests.csproj", "{C841B233-01FE-4981-BC6F-56A7E54C5E36}"
EndProject
Project("{FAE04EC0-301F-11D3-BF4B-00C04F79EFBC}") = "SamplesCS", "..\3rdparty\opencvsharp_samples\SamplesCS\SamplesCS.csproj", "{E4666B99-145A-436D-9540-2E4593A061A6}"
EndProject
Project("{9A19103F-16F7-4668-BE54-9A1E7A4F7556}") = "OpenCvSharp.WpfExtensions", "..\3rdparty\opencvsharp\src\OpenCvSharp.WpfExtensions\OpenCvSharp.WpfExtensions.csproj", "{34729F31-ADB9-403F-8F47-CAB2A3669AFF}"
EndProject
Project("{8BC9CEB8-8B4A-11D0-8D11-00A0C91BC942}") = "OpenCvSharpExtern", "..\3rdparty\opencvsharp\src\OpenCvSharpExtern\OpenCvSharpExtern.vcxproj", "{8E7279F8-F801-4672-B42F-1ED2C68B16A4}"
EndProject
Project("{9A19103F-16F7-4668-BE54-9A1E7A4F7556}") = "TensorFlowNET.Examples", "..\3rdparty\SciSharp-Stack-Examples\src\TensorFlowNET.Examples\TensorFlowNET.Examples.csproj", "{AE9562A0-FC4C-4E46-BA5D-D97BE3B2E1B2}"
EndProject
Project("{9A19103F-16F7-4668-BE54-9A1E7A4F7556}") = "Tensorflow.UnitTest", "..\3rdparty\TensorFlow.NET\test\TensorFlowNET.UnitTest\Tensorflow.UnitTest.csproj", "{698BFD60-2846-4F8D-9F1A-3BD565BE954F}"
EndProject
Project("{9A19103F-16F7-4668-BE54-9A1E7A4F7556}") = "Tensorflow.Keras.UnitTest", "..\3rdparty\TensorFlow.NET\test\Tensorflow.Keras.UnitTest\Tensorflow.Keras.UnitTest.csproj", "{67CB1C69-DE71-4F9E-8C7C-1BA3AA8303EF}"
EndProject
Project("{888888A0-9F3D-457C-B088-3A5042F75D52}") = "TrainingAI_Python", "TrainingAI_Python\TrainingAI_Python\TrainingAI_Python.pyproj", "{210D291B-091D-4627-983E-06D286837871}"
EndProject
Project("{9A19103F-16F7-4668-BE54-9A1E7A4F7556}") = "AITag", "AITag\AITag.csproj", "{90DEB16E-68C5-45C6-9520-2916B07114D6}"
EndProject
Project("{9A19103F-16F7-4668-BE54-9A1E7A4F7556}") = "Tensorflow.Benchmark", "..\3rdparty\TensorFlow.NET\src\TensorFlowNet.Benchmarks\Tensorflow.Benchmark.csproj", "{BF9D945B-70E0-4192-8156-5871B8BCA1D3}"
EndProject
Project("{9A19103F-16F7-4668-BE54-9A1E7A4F7556}") = "OpenCVDemo", "OpenCVDemo\OpenCVDemo.csproj", "{5624CC2D-34CF-407F-98E1-1A4859E64BF0}"
EndProject
Project("{9A19103F-16F7-4668-BE54-9A1E7A4F7556}") = "TrainingAI", "TrainingAI\TrainingAI.csproj", "{8839E469-038C-417B-AFF5-2DD196843E2C}"
EndProject
Project("{FAE04EC0-301F-11D3-BF4B-00C04F79EFBC}") = "ExportClassifiedFiles", "ExportClassifiedFiles\ExportClassifiedFiles.csproj", "{CCE71ADF-51AE-4EE7-A105-F60940DE4BFB}"
EndProject
Global
	GlobalSection(SolutionConfigurationPlatforms) = preSolution
		Debug|Any CPU = Debug|Any CPU
		Debug|x64 = Debug|x64
		Debug|x86 = Debug|x86
		Debug-Minimal|Any CPU = Debug-Minimal|Any CPU
		Debug-Minimal|x64 = Debug-Minimal|x64
		Debug-Minimal|x86 = Debug-Minimal|x86
		FxCop|Any CPU = FxCop|Any CPU
		FxCop|x64 = FxCop|x64
		FxCop|x86 = FxCop|x86
		Publish|Any CPU = Publish|Any CPU
		Publish|x64 = Publish|x64
		Publish|x86 = Publish|x86
		Release|Any CPU = Release|Any CPU
		Release|x64 = Release|x64
		Release|x86 = Release|x86
		Release-JP|Any CPU = Release-JP|Any CPU
		Release-JP|x64 = Release-JP|x64
		Release-JP|x86 = Release-JP|x86
	EndGlobalSection
	GlobalSection(ProjectConfigurationPlatforms) = postSolution
		{69866E13-60E2-4DD5-82F4-C0BFEA54A41A}.Debug|Any CPU.ActiveCfg = Debug|Any CPU
		{69866E13-60E2-4DD5-82F4-C0BFEA54A41A}.Debug|Any CPU.Build.0 = Debug|Any CPU
		{69866E13-60E2-4DD5-82F4-C0BFEA54A41A}.Debug|x64.ActiveCfg = Debug|Any CPU
		{69866E13-60E2-4DD5-82F4-C0BFEA54A41A}.Debug|x64.Build.0 = Debug|Any CPU
		{69866E13-60E2-4DD5-82F4-C0BFEA54A41A}.Debug|x86.ActiveCfg = Debug|Any CPU
		{69866E13-60E2-4DD5-82F4-C0BFEA54A41A}.Debug|x86.Build.0 = Debug|Any CPU
		{69866E13-60E2-4DD5-82F4-C0BFEA54A41A}.Debug-Minimal|Any CPU.ActiveCfg = Debug|Any CPU
		{69866E13-60E2-4DD5-82F4-C0BFEA54A41A}.Debug-Minimal|Any CPU.Build.0 = Debug|Any CPU
		{69866E13-60E2-4DD5-82F4-C0BFEA54A41A}.Debug-Minimal|x64.ActiveCfg = Debug|Any CPU
		{69866E13-60E2-4DD5-82F4-C0BFEA54A41A}.Debug-Minimal|x64.Build.0 = Debug|Any CPU
		{69866E13-60E2-4DD5-82F4-C0BFEA54A41A}.Debug-Minimal|x86.ActiveCfg = Debug|Any CPU
		{69866E13-60E2-4DD5-82F4-C0BFEA54A41A}.Debug-Minimal|x86.Build.0 = Debug|Any CPU
		{69866E13-60E2-4DD5-82F4-C0BFEA54A41A}.FxCop|Any CPU.ActiveCfg = Release|Any CPU
		{69866E13-60E2-4DD5-82F4-C0BFEA54A41A}.FxCop|Any CPU.Build.0 = Release|Any CPU
		{69866E13-60E2-4DD5-82F4-C0BFEA54A41A}.FxCop|x64.ActiveCfg = Release|Any CPU
		{69866E13-60E2-4DD5-82F4-C0BFEA54A41A}.FxCop|x64.Build.0 = Release|Any CPU
		{69866E13-60E2-4DD5-82F4-C0BFEA54A41A}.FxCop|x86.ActiveCfg = Release|Any CPU
		{69866E13-60E2-4DD5-82F4-C0BFEA54A41A}.FxCop|x86.Build.0 = Release|Any CPU
		{69866E13-60E2-4DD5-82F4-C0BFEA54A41A}.Publish|Any CPU.ActiveCfg = Release|Any CPU
		{69866E13-60E2-4DD5-82F4-C0BFEA54A41A}.Publish|Any CPU.Build.0 = Release|Any CPU
		{69866E13-60E2-4DD5-82F4-C0BFEA54A41A}.Publish|x64.ActiveCfg = Release|Any CPU
		{69866E13-60E2-4DD5-82F4-C0BFEA54A41A}.Publish|x64.Build.0 = Release|Any CPU
		{69866E13-60E2-4DD5-82F4-C0BFEA54A41A}.Publish|x86.ActiveCfg = Release|Any CPU
		{69866E13-60E2-4DD5-82F4-C0BFEA54A41A}.Publish|x86.Build.0 = Release|Any CPU
		{69866E13-60E2-4DD5-82F4-C0BFEA54A41A}.Release|Any CPU.ActiveCfg = Release|Any CPU
		{69866E13-60E2-4DD5-82F4-C0BFEA54A41A}.Release|Any CPU.Build.0 = Release|Any CPU
		{69866E13-60E2-4DD5-82F4-C0BFEA54A41A}.Release|x64.ActiveCfg = Release|Any CPU
		{69866E13-60E2-4DD5-82F4-C0BFEA54A41A}.Release|x64.Build.0 = Release|Any CPU
		{69866E13-60E2-4DD5-82F4-C0BFEA54A41A}.Release|x86.ActiveCfg = Release|Any CPU
		{69866E13-60E2-4DD5-82F4-C0BFEA54A41A}.Release|x86.Build.0 = Release|Any CPU
		{69866E13-60E2-4DD5-82F4-C0BFEA54A41A}.Release-JP|Any CPU.ActiveCfg = Release|Any CPU
		{69866E13-60E2-4DD5-82F4-C0BFEA54A41A}.Release-JP|Any CPU.Build.0 = Release|Any CPU
		{69866E13-60E2-4DD5-82F4-C0BFEA54A41A}.Release-JP|x64.ActiveCfg = Release|Any CPU
		{69866E13-60E2-4DD5-82F4-C0BFEA54A41A}.Release-JP|x64.Build.0 = Release|Any CPU
		{69866E13-60E2-4DD5-82F4-C0BFEA54A41A}.Release-JP|x86.ActiveCfg = Release|Any CPU
		{69866E13-60E2-4DD5-82F4-C0BFEA54A41A}.Release-JP|x86.Build.0 = Release|Any CPU
		{EA9A8EDA-CE47-4312-B167-66748C3357E1}.Debug|Any CPU.ActiveCfg = Debug|Any CPU
		{EA9A8EDA-CE47-4312-B167-66748C3357E1}.Debug|Any CPU.Build.0 = Debug|Any CPU
		{EA9A8EDA-CE47-4312-B167-66748C3357E1}.Debug|x64.ActiveCfg = Debug|Any CPU
		{EA9A8EDA-CE47-4312-B167-66748C3357E1}.Debug|x64.Build.0 = Debug|Any CPU
		{EA9A8EDA-CE47-4312-B167-66748C3357E1}.Debug|x86.ActiveCfg = Debug|Any CPU
		{EA9A8EDA-CE47-4312-B167-66748C3357E1}.Debug|x86.Build.0 = Debug|Any CPU
		{EA9A8EDA-CE47-4312-B167-66748C3357E1}.Debug-Minimal|Any CPU.ActiveCfg = Debug|Any CPU
		{EA9A8EDA-CE47-4312-B167-66748C3357E1}.Debug-Minimal|Any CPU.Build.0 = Debug|Any CPU
		{EA9A8EDA-CE47-4312-B167-66748C3357E1}.Debug-Minimal|x64.ActiveCfg = Debug|Any CPU
		{EA9A8EDA-CE47-4312-B167-66748C3357E1}.Debug-Minimal|x64.Build.0 = Debug|Any CPU
		{EA9A8EDA-CE47-4312-B167-66748C3357E1}.Debug-Minimal|x86.ActiveCfg = Debug|Any CPU
		{EA9A8EDA-CE47-4312-B167-66748C3357E1}.Debug-Minimal|x86.Build.0 = Debug|Any CPU
		{EA9A8EDA-CE47-4312-B167-66748C3357E1}.FxCop|Any CPU.ActiveCfg = Release|Any CPU
		{EA9A8EDA-CE47-4312-B167-66748C3357E1}.FxCop|Any CPU.Build.0 = Release|Any CPU
		{EA9A8EDA-CE47-4312-B167-66748C3357E1}.FxCop|x64.ActiveCfg = Release|Any CPU
		{EA9A8EDA-CE47-4312-B167-66748C3357E1}.FxCop|x64.Build.0 = Release|Any CPU
		{EA9A8EDA-CE47-4312-B167-66748C3357E1}.FxCop|x86.ActiveCfg = Release|Any CPU
		{EA9A8EDA-CE47-4312-B167-66748C3357E1}.FxCop|x86.Build.0 = Release|Any CPU
		{EA9A8EDA-CE47-4312-B167-66748C3357E1}.Publish|Any CPU.ActiveCfg = Release|Any CPU
		{EA9A8EDA-CE47-4312-B167-66748C3357E1}.Publish|Any CPU.Build.0 = Release|Any CPU
		{EA9A8EDA-CE47-4312-B167-66748C3357E1}.Publish|x64.ActiveCfg = Release|Any CPU
		{EA9A8EDA-CE47-4312-B167-66748C3357E1}.Publish|x64.Build.0 = Release|Any CPU
		{EA9A8EDA-CE47-4312-B167-66748C3357E1}.Publish|x86.ActiveCfg = Release|Any CPU
		{EA9A8EDA-CE47-4312-B167-66748C3357E1}.Publish|x86.Build.0 = Release|Any CPU
		{EA9A8EDA-CE47-4312-B167-66748C3357E1}.Release|Any CPU.ActiveCfg = Release|Any CPU
		{EA9A8EDA-CE47-4312-B167-66748C3357E1}.Release|Any CPU.Build.0 = Release|Any CPU
		{EA9A8EDA-CE47-4312-B167-66748C3357E1}.Release|x64.ActiveCfg = Release|Any CPU
		{EA9A8EDA-CE47-4312-B167-66748C3357E1}.Release|x64.Build.0 = Release|Any CPU
		{EA9A8EDA-CE47-4312-B167-66748C3357E1}.Release|x86.ActiveCfg = Release|Any CPU
		{EA9A8EDA-CE47-4312-B167-66748C3357E1}.Release|x86.Build.0 = Release|Any CPU
		{EA9A8EDA-CE47-4312-B167-66748C3357E1}.Release-JP|Any CPU.ActiveCfg = Release|Any CPU
		{EA9A8EDA-CE47-4312-B167-66748C3357E1}.Release-JP|Any CPU.Build.0 = Release|Any CPU
		{EA9A8EDA-CE47-4312-B167-66748C3357E1}.Release-JP|x64.ActiveCfg = Release|Any CPU
		{EA9A8EDA-CE47-4312-B167-66748C3357E1}.Release-JP|x64.Build.0 = Release|Any CPU
		{EA9A8EDA-CE47-4312-B167-66748C3357E1}.Release-JP|x86.ActiveCfg = Release|Any CPU
		{EA9A8EDA-CE47-4312-B167-66748C3357E1}.Release-JP|x86.Build.0 = Release|Any CPU
		{C7A9BB04-DF91-4D91-9D0D-4A3BA8492106}.Debug|Any CPU.ActiveCfg = Debug|Any CPU
		{C7A9BB04-DF91-4D91-9D0D-4A3BA8492106}.Debug|Any CPU.Build.0 = Debug|Any CPU
		{C7A9BB04-DF91-4D91-9D0D-4A3BA8492106}.Debug|x64.ActiveCfg = Debug|Any CPU
		{C7A9BB04-DF91-4D91-9D0D-4A3BA8492106}.Debug|x64.Build.0 = Debug|Any CPU
		{C7A9BB04-DF91-4D91-9D0D-4A3BA8492106}.Debug|x86.ActiveCfg = Debug|Any CPU
		{C7A9BB04-DF91-4D91-9D0D-4A3BA8492106}.Debug|x86.Build.0 = Debug|Any CPU
		{C7A9BB04-DF91-4D91-9D0D-4A3BA8492106}.Debug-Minimal|Any CPU.ActiveCfg = Debug|Any CPU
		{C7A9BB04-DF91-4D91-9D0D-4A3BA8492106}.Debug-Minimal|Any CPU.Build.0 = Debug|Any CPU
		{C7A9BB04-DF91-4D91-9D0D-4A3BA8492106}.Debug-Minimal|x64.ActiveCfg = Debug|Any CPU
		{C7A9BB04-DF91-4D91-9D0D-4A3BA8492106}.Debug-Minimal|x64.Build.0 = Debug|Any CPU
		{C7A9BB04-DF91-4D91-9D0D-4A3BA8492106}.Debug-Minimal|x86.ActiveCfg = Debug|Any CPU
		{C7A9BB04-DF91-4D91-9D0D-4A3BA8492106}.Debug-Minimal|x86.Build.0 = Debug|Any CPU
		{C7A9BB04-DF91-4D91-9D0D-4A3BA8492106}.FxCop|Any CPU.ActiveCfg = Release|Any CPU
		{C7A9BB04-DF91-4D91-9D0D-4A3BA8492106}.FxCop|Any CPU.Build.0 = Release|Any CPU
		{C7A9BB04-DF91-4D91-9D0D-4A3BA8492106}.FxCop|x64.ActiveCfg = Release|Any CPU
		{C7A9BB04-DF91-4D91-9D0D-4A3BA8492106}.FxCop|x64.Build.0 = Release|Any CPU
		{C7A9BB04-DF91-4D91-9D0D-4A3BA8492106}.FxCop|x86.ActiveCfg = Release|Any CPU
		{C7A9BB04-DF91-4D91-9D0D-4A3BA8492106}.FxCop|x86.Build.0 = Release|Any CPU
		{C7A9BB04-DF91-4D91-9D0D-4A3BA8492106}.Publish|Any CPU.ActiveCfg = Release|Any CPU
		{C7A9BB04-DF91-4D91-9D0D-4A3BA8492106}.Publish|Any CPU.Build.0 = Release|Any CPU
		{C7A9BB04-DF91-4D91-9D0D-4A3BA8492106}.Publish|x64.ActiveCfg = Release|Any CPU
		{C7A9BB04-DF91-4D91-9D0D-4A3BA8492106}.Publish|x64.Build.0 = Release|Any CPU
		{C7A9BB04-DF91-4D91-9D0D-4A3BA8492106}.Publish|x86.ActiveCfg = Release|Any CPU
		{C7A9BB04-DF91-4D91-9D0D-4A3BA8492106}.Publish|x86.Build.0 = Release|Any CPU
		{C7A9BB04-DF91-4D91-9D0D-4A3BA8492106}.Release|Any CPU.ActiveCfg = Release|Any CPU
		{C7A9BB04-DF91-4D91-9D0D-4A3BA8492106}.Release|Any CPU.Build.0 = Release|Any CPU
		{C7A9BB04-DF91-4D91-9D0D-4A3BA8492106}.Release|x64.ActiveCfg = Release|Any CPU
		{C7A9BB04-DF91-4D91-9D0D-4A3BA8492106}.Release|x64.Build.0 = Release|Any CPU
		{C7A9BB04-DF91-4D91-9D0D-4A3BA8492106}.Release|x86.ActiveCfg = Release|Any CPU
		{C7A9BB04-DF91-4D91-9D0D-4A3BA8492106}.Release|x86.Build.0 = Release|Any CPU
		{C7A9BB04-DF91-4D91-9D0D-4A3BA8492106}.Release-JP|Any CPU.ActiveCfg = Release|Any CPU
		{C7A9BB04-DF91-4D91-9D0D-4A3BA8492106}.Release-JP|Any CPU.Build.0 = Release|Any CPU
		{C7A9BB04-DF91-4D91-9D0D-4A3BA8492106}.Release-JP|x64.ActiveCfg = Release|Any CPU
		{C7A9BB04-DF91-4D91-9D0D-4A3BA8492106}.Release-JP|x64.Build.0 = Release|Any CPU
		{C7A9BB04-DF91-4D91-9D0D-4A3BA8492106}.Release-JP|x86.ActiveCfg = Release|Any CPU
		{C7A9BB04-DF91-4D91-9D0D-4A3BA8492106}.Release-JP|x86.Build.0 = Release|Any CPU
		{5B33116E-A077-4CDD-9485-6E62DB5BF961}.Debug|Any CPU.ActiveCfg = Debug|Any CPU
		{5B33116E-A077-4CDD-9485-6E62DB5BF961}.Debug|Any CPU.Build.0 = Debug|Any CPU
		{5B33116E-A077-4CDD-9485-6E62DB5BF961}.Debug|x64.ActiveCfg = Debug|Any CPU
		{5B33116E-A077-4CDD-9485-6E62DB5BF961}.Debug|x64.Build.0 = Debug|Any CPU
		{5B33116E-A077-4CDD-9485-6E62DB5BF961}.Debug|x86.ActiveCfg = Debug|Any CPU
		{5B33116E-A077-4CDD-9485-6E62DB5BF961}.Debug|x86.Build.0 = Debug|Any CPU
		{5B33116E-A077-4CDD-9485-6E62DB5BF961}.Debug-Minimal|Any CPU.ActiveCfg = Debug|Any CPU
		{5B33116E-A077-4CDD-9485-6E62DB5BF961}.Debug-Minimal|Any CPU.Build.0 = Debug|Any CPU
		{5B33116E-A077-4CDD-9485-6E62DB5BF961}.Debug-Minimal|x64.ActiveCfg = Debug|Any CPU
		{5B33116E-A077-4CDD-9485-6E62DB5BF961}.Debug-Minimal|x64.Build.0 = Debug|Any CPU
		{5B33116E-A077-4CDD-9485-6E62DB5BF961}.Debug-Minimal|x86.ActiveCfg = Debug|Any CPU
		{5B33116E-A077-4CDD-9485-6E62DB5BF961}.Debug-Minimal|x86.Build.0 = Debug|Any CPU
		{5B33116E-A077-4CDD-9485-6E62DB5BF961}.FxCop|Any CPU.ActiveCfg = Release|Any CPU
		{5B33116E-A077-4CDD-9485-6E62DB5BF961}.FxCop|Any CPU.Build.0 = Release|Any CPU
		{5B33116E-A077-4CDD-9485-6E62DB5BF961}.FxCop|x64.ActiveCfg = Release|Any CPU
		{5B33116E-A077-4CDD-9485-6E62DB5BF961}.FxCop|x64.Build.0 = Release|Any CPU
		{5B33116E-A077-4CDD-9485-6E62DB5BF961}.FxCop|x86.ActiveCfg = Release|Any CPU
		{5B33116E-A077-4CDD-9485-6E62DB5BF961}.FxCop|x86.Build.0 = Release|Any CPU
		{5B33116E-A077-4CDD-9485-6E62DB5BF961}.Publish|Any CPU.ActiveCfg = Release|Any CPU
		{5B33116E-A077-4CDD-9485-6E62DB5BF961}.Publish|Any CPU.Build.0 = Release|Any CPU
		{5B33116E-A077-4CDD-9485-6E62DB5BF961}.Publish|x64.ActiveCfg = Release|Any CPU
		{5B33116E-A077-4CDD-9485-6E62DB5BF961}.Publish|x64.Build.0 = Release|Any CPU
		{5B33116E-A077-4CDD-9485-6E62DB5BF961}.Publish|x86.ActiveCfg = Release|Any CPU
		{5B33116E-A077-4CDD-9485-6E62DB5BF961}.Publish|x86.Build.0 = Release|Any CPU
		{5B33116E-A077-4CDD-9485-6E62DB5BF961}.Release|Any CPU.ActiveCfg = Release|Any CPU
		{5B33116E-A077-4CDD-9485-6E62DB5BF961}.Release|Any CPU.Build.0 = Release|Any CPU
		{5B33116E-A077-4CDD-9485-6E62DB5BF961}.Release|x64.ActiveCfg = Release|Any CPU
		{5B33116E-A077-4CDD-9485-6E62DB5BF961}.Release|x64.Build.0 = Release|Any CPU
		{5B33116E-A077-4CDD-9485-6E62DB5BF961}.Release|x86.ActiveCfg = Release|Any CPU
		{5B33116E-A077-4CDD-9485-6E62DB5BF961}.Release|x86.Build.0 = Release|Any CPU
		{5B33116E-A077-4CDD-9485-6E62DB5BF961}.Release-JP|Any CPU.ActiveCfg = Release|Any CPU
		{5B33116E-A077-4CDD-9485-6E62DB5BF961}.Release-JP|Any CPU.Build.0 = Release|Any CPU
		{5B33116E-A077-4CDD-9485-6E62DB5BF961}.Release-JP|x64.ActiveCfg = Release|Any CPU
		{5B33116E-A077-4CDD-9485-6E62DB5BF961}.Release-JP|x64.Build.0 = Release|Any CPU
		{5B33116E-A077-4CDD-9485-6E62DB5BF961}.Release-JP|x86.ActiveCfg = Release|Any CPU
		{5B33116E-A077-4CDD-9485-6E62DB5BF961}.Release-JP|x86.Build.0 = Release|Any CPU
		{0183AF01-106C-4933-AAED-F076FF7736FA}.Debug|Any CPU.ActiveCfg = Debug|Any CPU
		{0183AF01-106C-4933-AAED-F076FF7736FA}.Debug|Any CPU.Build.0 = Debug|Any CPU
		{0183AF01-106C-4933-AAED-F076FF7736FA}.Debug|x64.ActiveCfg = Debug|Any CPU
		{0183AF01-106C-4933-AAED-F076FF7736FA}.Debug|x64.Build.0 = Debug|Any CPU
		{0183AF01-106C-4933-AAED-F076FF7736FA}.Debug|x86.ActiveCfg = Debug|Any CPU
		{0183AF01-106C-4933-AAED-F076FF7736FA}.Debug|x86.Build.0 = Debug|Any CPU
		{0183AF01-106C-4933-AAED-F076FF7736FA}.Debug-Minimal|Any CPU.ActiveCfg = Debug|Any CPU
		{0183AF01-106C-4933-AAED-F076FF7736FA}.Debug-Minimal|Any CPU.Build.0 = Debug|Any CPU
		{0183AF01-106C-4933-AAED-F076FF7736FA}.Debug-Minimal|x64.ActiveCfg = Debug|Any CPU
		{0183AF01-106C-4933-AAED-F076FF7736FA}.Debug-Minimal|x64.Build.0 = Debug|Any CPU
		{0183AF01-106C-4933-AAED-F076FF7736FA}.Debug-Minimal|x86.ActiveCfg = Debug|Any CPU
		{0183AF01-106C-4933-AAED-F076FF7736FA}.Debug-Minimal|x86.Build.0 = Debug|Any CPU
		{0183AF01-106C-4933-AAED-F076FF7736FA}.FxCop|Any CPU.ActiveCfg = Release|Any CPU
		{0183AF01-106C-4933-AAED-F076FF7736FA}.FxCop|Any CPU.Build.0 = Release|Any CPU
		{0183AF01-106C-4933-AAED-F076FF7736FA}.FxCop|x64.ActiveCfg = Release|Any CPU
		{0183AF01-106C-4933-AAED-F076FF7736FA}.FxCop|x64.Build.0 = Release|Any CPU
		{0183AF01-106C-4933-AAED-F076FF7736FA}.FxCop|x86.ActiveCfg = Release|Any CPU
		{0183AF01-106C-4933-AAED-F076FF7736FA}.FxCop|x86.Build.0 = Release|Any CPU
		{0183AF01-106C-4933-AAED-F076FF7736FA}.Publish|Any CPU.ActiveCfg = Release|Any CPU
		{0183AF01-106C-4933-AAED-F076FF7736FA}.Publish|Any CPU.Build.0 = Release|Any CPU
		{0183AF01-106C-4933-AAED-F076FF7736FA}.Publish|x64.ActiveCfg = Release|Any CPU
		{0183AF01-106C-4933-AAED-F076FF7736FA}.Publish|x64.Build.0 = Release|Any CPU
		{0183AF01-106C-4933-AAED-F076FF7736FA}.Publish|x86.ActiveCfg = Release|Any CPU
		{0183AF01-106C-4933-AAED-F076FF7736FA}.Publish|x86.Build.0 = Release|Any CPU
		{0183AF01-106C-4933-AAED-F076FF7736FA}.Release|Any CPU.ActiveCfg = Release|Any CPU
		{0183AF01-106C-4933-AAED-F076FF7736FA}.Release|Any CPU.Build.0 = Release|Any CPU
		{0183AF01-106C-4933-AAED-F076FF7736FA}.Release|x64.ActiveCfg = Release|Any CPU
		{0183AF01-106C-4933-AAED-F076FF7736FA}.Release|x64.Build.0 = Release|Any CPU
		{0183AF01-106C-4933-AAED-F076FF7736FA}.Release|x86.ActiveCfg = Release|Any CPU
		{0183AF01-106C-4933-AAED-F076FF7736FA}.Release|x86.Build.0 = Release|Any CPU
		{0183AF01-106C-4933-AAED-F076FF7736FA}.Release-JP|Any CPU.ActiveCfg = Release|Any CPU
		{0183AF01-106C-4933-AAED-F076FF7736FA}.Release-JP|Any CPU.Build.0 = Release|Any CPU
		{0183AF01-106C-4933-AAED-F076FF7736FA}.Release-JP|x64.ActiveCfg = Release|Any CPU
		{0183AF01-106C-4933-AAED-F076FF7736FA}.Release-JP|x64.Build.0 = Release|Any CPU
		{0183AF01-106C-4933-AAED-F076FF7736FA}.Release-JP|x86.ActiveCfg = Release|Any CPU
		{0183AF01-106C-4933-AAED-F076FF7736FA}.Release-JP|x86.Build.0 = Release|Any CPU
		{3C8DE9AA-2BB9-4E3E-8ABA-D23A7DDE5A77}.Debug|Any CPU.ActiveCfg = Debug|Any CPU
		{3C8DE9AA-2BB9-4E3E-8ABA-D23A7DDE5A77}.Debug|Any CPU.Build.0 = Debug|Any CPU
		{3C8DE9AA-2BB9-4E3E-8ABA-D23A7DDE5A77}.Debug|x64.ActiveCfg = Debug|Any CPU
		{3C8DE9AA-2BB9-4E3E-8ABA-D23A7DDE5A77}.Debug|x64.Build.0 = Debug|Any CPU
		{3C8DE9AA-2BB9-4E3E-8ABA-D23A7DDE5A77}.Debug|x86.ActiveCfg = Debug|Any CPU
		{3C8DE9AA-2BB9-4E3E-8ABA-D23A7DDE5A77}.Debug|x86.Build.0 = Debug|Any CPU
		{3C8DE9AA-2BB9-4E3E-8ABA-D23A7DDE5A77}.Debug-Minimal|Any CPU.ActiveCfg = Debug|Any CPU
		{3C8DE9AA-2BB9-4E3E-8ABA-D23A7DDE5A77}.Debug-Minimal|Any CPU.Build.0 = Debug|Any CPU
		{3C8DE9AA-2BB9-4E3E-8ABA-D23A7DDE5A77}.Debug-Minimal|x64.ActiveCfg = Debug|Any CPU
		{3C8DE9AA-2BB9-4E3E-8ABA-D23A7DDE5A77}.Debug-Minimal|x64.Build.0 = Debug|Any CPU
		{3C8DE9AA-2BB9-4E3E-8ABA-D23A7DDE5A77}.Debug-Minimal|x86.ActiveCfg = Debug|Any CPU
		{3C8DE9AA-2BB9-4E3E-8ABA-D23A7DDE5A77}.Debug-Minimal|x86.Build.0 = Debug|Any CPU
		{3C8DE9AA-2BB9-4E3E-8ABA-D23A7DDE5A77}.FxCop|Any CPU.ActiveCfg = Release|Any CPU
		{3C8DE9AA-2BB9-4E3E-8ABA-D23A7DDE5A77}.FxCop|Any CPU.Build.0 = Release|Any CPU
		{3C8DE9AA-2BB9-4E3E-8ABA-D23A7DDE5A77}.FxCop|x64.ActiveCfg = Release|Any CPU
		{3C8DE9AA-2BB9-4E3E-8ABA-D23A7DDE5A77}.FxCop|x64.Build.0 = Release|Any CPU
		{3C8DE9AA-2BB9-4E3E-8ABA-D23A7DDE5A77}.FxCop|x86.ActiveCfg = Release|Any CPU
		{3C8DE9AA-2BB9-4E3E-8ABA-D23A7DDE5A77}.FxCop|x86.Build.0 = Release|Any CPU
		{3C8DE9AA-2BB9-4E3E-8ABA-D23A7DDE5A77}.Publish|Any CPU.ActiveCfg = Release|Any CPU
		{3C8DE9AA-2BB9-4E3E-8ABA-D23A7DDE5A77}.Publish|Any CPU.Build.0 = Release|Any CPU
		{3C8DE9AA-2BB9-4E3E-8ABA-D23A7DDE5A77}.Publish|x64.ActiveCfg = Release|Any CPU
		{3C8DE9AA-2BB9-4E3E-8ABA-D23A7DDE5A77}.Publish|x64.Build.0 = Release|Any CPU
		{3C8DE9AA-2BB9-4E3E-8ABA-D23A7DDE5A77}.Publish|x86.ActiveCfg = Release|Any CPU
		{3C8DE9AA-2BB9-4E3E-8ABA-D23A7DDE5A77}.Publish|x86.Build.0 = Release|Any CPU
		{3C8DE9AA-2BB9-4E3E-8ABA-D23A7DDE5A77}.Release|Any CPU.ActiveCfg = Release|Any CPU
		{3C8DE9AA-2BB9-4E3E-8ABA-D23A7DDE5A77}.Release|Any CPU.Build.0 = Release|Any CPU
		{3C8DE9AA-2BB9-4E3E-8ABA-D23A7DDE5A77}.Release|x64.ActiveCfg = Release|Any CPU
		{3C8DE9AA-2BB9-4E3E-8ABA-D23A7DDE5A77}.Release|x64.Build.0 = Release|Any CPU
		{3C8DE9AA-2BB9-4E3E-8ABA-D23A7DDE5A77}.Release|x86.ActiveCfg = Release|Any CPU
		{3C8DE9AA-2BB9-4E3E-8ABA-D23A7DDE5A77}.Release|x86.Build.0 = Release|Any CPU
		{3C8DE9AA-2BB9-4E3E-8ABA-D23A7DDE5A77}.Release-JP|Any CPU.ActiveCfg = Release|Any CPU
		{3C8DE9AA-2BB9-4E3E-8ABA-D23A7DDE5A77}.Release-JP|Any CPU.Build.0 = Release|Any CPU
		{3C8DE9AA-2BB9-4E3E-8ABA-D23A7DDE5A77}.Release-JP|x64.ActiveCfg = Release|Any CPU
		{3C8DE9AA-2BB9-4E3E-8ABA-D23A7DDE5A77}.Release-JP|x64.Build.0 = Release|Any CPU
		{3C8DE9AA-2BB9-4E3E-8ABA-D23A7DDE5A77}.Release-JP|x86.ActiveCfg = Release|Any CPU
		{3C8DE9AA-2BB9-4E3E-8ABA-D23A7DDE5A77}.Release-JP|x86.Build.0 = Release|Any CPU
		{A591EA5E-37B2-440C-B736-7E443DCA8678}.Debug|Any CPU.ActiveCfg = Debug|Any CPU
		{A591EA5E-37B2-440C-B736-7E443DCA8678}.Debug|Any CPU.Build.0 = Debug|Any CPU
		{A591EA5E-37B2-440C-B736-7E443DCA8678}.Debug|x64.ActiveCfg = Debug|Any CPU
		{A591EA5E-37B2-440C-B736-7E443DCA8678}.Debug|x64.Build.0 = Debug|Any CPU
		{A591EA5E-37B2-440C-B736-7E443DCA8678}.Debug|x86.ActiveCfg = Debug|Any CPU
		{A591EA5E-37B2-440C-B736-7E443DCA8678}.Debug|x86.Build.0 = Debug|Any CPU
		{A591EA5E-37B2-440C-B736-7E443DCA8678}.Debug-Minimal|Any CPU.ActiveCfg = Debug|Any CPU
		{A591EA5E-37B2-440C-B736-7E443DCA8678}.Debug-Minimal|Any CPU.Build.0 = Debug|Any CPU
		{A591EA5E-37B2-440C-B736-7E443DCA8678}.Debug-Minimal|x64.ActiveCfg = Debug|Any CPU
		{A591EA5E-37B2-440C-B736-7E443DCA8678}.Debug-Minimal|x64.Build.0 = Debug|Any CPU
		{A591EA5E-37B2-440C-B736-7E443DCA8678}.Debug-Minimal|x86.ActiveCfg = Debug|Any CPU
		{A591EA5E-37B2-440C-B736-7E443DCA8678}.Debug-Minimal|x86.Build.0 = Debug|Any CPU
		{A591EA5E-37B2-440C-B736-7E443DCA8678}.FxCop|Any CPU.ActiveCfg = Release|Any CPU
		{A591EA5E-37B2-440C-B736-7E443DCA8678}.FxCop|Any CPU.Build.0 = Release|Any CPU
		{A591EA5E-37B2-440C-B736-7E443DCA8678}.FxCop|x64.ActiveCfg = Release|Any CPU
		{A591EA5E-37B2-440C-B736-7E443DCA8678}.FxCop|x64.Build.0 = Release|Any CPU
		{A591EA5E-37B2-440C-B736-7E443DCA8678}.FxCop|x86.ActiveCfg = Release|Any CPU
		{A591EA5E-37B2-440C-B736-7E443DCA8678}.FxCop|x86.Build.0 = Release|Any CPU
		{A591EA5E-37B2-440C-B736-7E443DCA8678}.Publish|Any CPU.ActiveCfg = Release|Any CPU
		{A591EA5E-37B2-440C-B736-7E443DCA8678}.Publish|Any CPU.Build.0 = Release|Any CPU
		{A591EA5E-37B2-440C-B736-7E443DCA8678}.Publish|x64.ActiveCfg = Release|Any CPU
		{A591EA5E-37B2-440C-B736-7E443DCA8678}.Publish|x64.Build.0 = Release|Any CPU
		{A591EA5E-37B2-440C-B736-7E443DCA8678}.Publish|x86.ActiveCfg = Release|Any CPU
		{A591EA5E-37B2-440C-B736-7E443DCA8678}.Publish|x86.Build.0 = Release|Any CPU
		{A591EA5E-37B2-440C-B736-7E443DCA8678}.Release|Any CPU.ActiveCfg = Release|Any CPU
		{A591EA5E-37B2-440C-B736-7E443DCA8678}.Release|Any CPU.Build.0 = Release|Any CPU
		{A591EA5E-37B2-440C-B736-7E443DCA8678}.Release|x64.ActiveCfg = Release|Any CPU
		{A591EA5E-37B2-440C-B736-7E443DCA8678}.Release|x64.Build.0 = Release|Any CPU
		{A591EA5E-37B2-440C-B736-7E443DCA8678}.Release|x86.ActiveCfg = Release|Any CPU
		{A591EA5E-37B2-440C-B736-7E443DCA8678}.Release|x86.Build.0 = Release|Any CPU
		{A591EA5E-37B2-440C-B736-7E443DCA8678}.Release-JP|Any CPU.ActiveCfg = Release|Any CPU
		{A591EA5E-37B2-440C-B736-7E443DCA8678}.Release-JP|Any CPU.Build.0 = Release|Any CPU
		{A591EA5E-37B2-440C-B736-7E443DCA8678}.Release-JP|x64.ActiveCfg = Release|Any CPU
		{A591EA5E-37B2-440C-B736-7E443DCA8678}.Release-JP|x64.Build.0 = Release|Any CPU
		{A591EA5E-37B2-440C-B736-7E443DCA8678}.Release-JP|x86.ActiveCfg = Release|Any CPU
		{A591EA5E-37B2-440C-B736-7E443DCA8678}.Release-JP|x86.Build.0 = Release|Any CPU
		{FB1F9E4D-D611-4728-90AC-3ADB50912488}.Debug|Any CPU.ActiveCfg = Debug|Any CPU
		{FB1F9E4D-D611-4728-90AC-3ADB50912488}.Debug|Any CPU.Build.0 = Debug|Any CPU
		{FB1F9E4D-D611-4728-90AC-3ADB50912488}.Debug|x64.ActiveCfg = Debug|Any CPU
		{FB1F9E4D-D611-4728-90AC-3ADB50912488}.Debug|x64.Build.0 = Debug|Any CPU
		{FB1F9E4D-D611-4728-90AC-3ADB50912488}.Debug|x86.ActiveCfg = Debug|Any CPU
		{FB1F9E4D-D611-4728-90AC-3ADB50912488}.Debug|x86.Build.0 = Debug|Any CPU
		{FB1F9E4D-D611-4728-90AC-3ADB50912488}.Debug-Minimal|Any CPU.ActiveCfg = Debug|Any CPU
		{FB1F9E4D-D611-4728-90AC-3ADB50912488}.Debug-Minimal|Any CPU.Build.0 = Debug|Any CPU
		{FB1F9E4D-D611-4728-90AC-3ADB50912488}.Debug-Minimal|x64.ActiveCfg = Debug|Any CPU
		{FB1F9E4D-D611-4728-90AC-3ADB50912488}.Debug-Minimal|x64.Build.0 = Debug|Any CPU
		{FB1F9E4D-D611-4728-90AC-3ADB50912488}.Debug-Minimal|x86.ActiveCfg = Debug|Any CPU
		{FB1F9E4D-D611-4728-90AC-3ADB50912488}.Debug-Minimal|x86.Build.0 = Debug|Any CPU
		{FB1F9E4D-D611-4728-90AC-3ADB50912488}.FxCop|Any CPU.ActiveCfg = Release|Any CPU
		{FB1F9E4D-D611-4728-90AC-3ADB50912488}.FxCop|Any CPU.Build.0 = Release|Any CPU
		{FB1F9E4D-D611-4728-90AC-3ADB50912488}.FxCop|x64.ActiveCfg = Release|Any CPU
		{FB1F9E4D-D611-4728-90AC-3ADB50912488}.FxCop|x64.Build.0 = Release|Any CPU
		{FB1F9E4D-D611-4728-90AC-3ADB50912488}.FxCop|x86.ActiveCfg = Release|Any CPU
		{FB1F9E4D-D611-4728-90AC-3ADB50912488}.FxCop|x86.Build.0 = Release|Any CPU
		{FB1F9E4D-D611-4728-90AC-3ADB50912488}.Publish|Any CPU.ActiveCfg = Release|Any CPU
		{FB1F9E4D-D611-4728-90AC-3ADB50912488}.Publish|Any CPU.Build.0 = Release|Any CPU
		{FB1F9E4D-D611-4728-90AC-3ADB50912488}.Publish|x64.ActiveCfg = Release|Any CPU
		{FB1F9E4D-D611-4728-90AC-3ADB50912488}.Publish|x64.Build.0 = Release|Any CPU
		{FB1F9E4D-D611-4728-90AC-3ADB50912488}.Publish|x86.ActiveCfg = Release|Any CPU
		{FB1F9E4D-D611-4728-90AC-3ADB50912488}.Publish|x86.Build.0 = Release|Any CPU
		{FB1F9E4D-D611-4728-90AC-3ADB50912488}.Release|Any CPU.ActiveCfg = Release|Any CPU
		{FB1F9E4D-D611-4728-90AC-3ADB50912488}.Release|Any CPU.Build.0 = Release|Any CPU
		{FB1F9E4D-D611-4728-90AC-3ADB50912488}.Release|x64.ActiveCfg = Release|Any CPU
		{FB1F9E4D-D611-4728-90AC-3ADB50912488}.Release|x64.Build.0 = Release|Any CPU
		{FB1F9E4D-D611-4728-90AC-3ADB50912488}.Release|x86.ActiveCfg = Release|Any CPU
		{FB1F9E4D-D611-4728-90AC-3ADB50912488}.Release|x86.Build.0 = Release|Any CPU
		{FB1F9E4D-D611-4728-90AC-3ADB50912488}.Release-JP|Any CPU.ActiveCfg = Release|Any CPU
		{FB1F9E4D-D611-4728-90AC-3ADB50912488}.Release-JP|Any CPU.Build.0 = Release|Any CPU
		{FB1F9E4D-D611-4728-90AC-3ADB50912488}.Release-JP|x64.ActiveCfg = Release|Any CPU
		{FB1F9E4D-D611-4728-90AC-3ADB50912488}.Release-JP|x64.Build.0 = Release|Any CPU
		{FB1F9E4D-D611-4728-90AC-3ADB50912488}.Release-JP|x86.ActiveCfg = Release|Any CPU
		{FB1F9E4D-D611-4728-90AC-3ADB50912488}.Release-JP|x86.Build.0 = Release|Any CPU
		{FE537690-82C2-4D59-9E60-8C24CE7BFA68}.Debug|Any CPU.ActiveCfg = Debug|Any CPU
		{FE537690-82C2-4D59-9E60-8C24CE7BFA68}.Debug|Any CPU.Build.0 = Debug|Any CPU
		{FE537690-82C2-4D59-9E60-8C24CE7BFA68}.Debug|x64.ActiveCfg = Debug|Any CPU
		{FE537690-82C2-4D59-9E60-8C24CE7BFA68}.Debug|x64.Build.0 = Debug|Any CPU
		{FE537690-82C2-4D59-9E60-8C24CE7BFA68}.Debug|x86.ActiveCfg = Debug|Any CPU
		{FE537690-82C2-4D59-9E60-8C24CE7BFA68}.Debug|x86.Build.0 = Debug|Any CPU
		{FE537690-82C2-4D59-9E60-8C24CE7BFA68}.Debug-Minimal|Any CPU.ActiveCfg = Debug|Any CPU
		{FE537690-82C2-4D59-9E60-8C24CE7BFA68}.Debug-Minimal|Any CPU.Build.0 = Debug|Any CPU
		{FE537690-82C2-4D59-9E60-8C24CE7BFA68}.Debug-Minimal|x64.ActiveCfg = Debug|Any CPU
		{FE537690-82C2-4D59-9E60-8C24CE7BFA68}.Debug-Minimal|x64.Build.0 = Debug|Any CPU
		{FE537690-82C2-4D59-9E60-8C24CE7BFA68}.Debug-Minimal|x86.ActiveCfg = Debug|Any CPU
		{FE537690-82C2-4D59-9E60-8C24CE7BFA68}.Debug-Minimal|x86.Build.0 = Debug|Any CPU
		{FE537690-82C2-4D59-9E60-8C24CE7BFA68}.FxCop|Any CPU.ActiveCfg = Release|Any CPU
		{FE537690-82C2-4D59-9E60-8C24CE7BFA68}.FxCop|Any CPU.Build.0 = Release|Any CPU
		{FE537690-82C2-4D59-9E60-8C24CE7BFA68}.FxCop|x64.ActiveCfg = Release|Any CPU
		{FE537690-82C2-4D59-9E60-8C24CE7BFA68}.FxCop|x64.Build.0 = Release|Any CPU
		{FE537690-82C2-4D59-9E60-8C24CE7BFA68}.FxCop|x86.ActiveCfg = Release|Any CPU
		{FE537690-82C2-4D59-9E60-8C24CE7BFA68}.FxCop|x86.Build.0 = Release|Any CPU
		{FE537690-82C2-4D59-9E60-8C24CE7BFA68}.Publish|Any CPU.ActiveCfg = Release|Any CPU
		{FE537690-82C2-4D59-9E60-8C24CE7BFA68}.Publish|Any CPU.Build.0 = Release|Any CPU
		{FE537690-82C2-4D59-9E60-8C24CE7BFA68}.Publish|x64.ActiveCfg = Release|Any CPU
		{FE537690-82C2-4D59-9E60-8C24CE7BFA68}.Publish|x64.Build.0 = Release|Any CPU
		{FE537690-82C2-4D59-9E60-8C24CE7BFA68}.Publish|x86.ActiveCfg = Release|Any CPU
		{FE537690-82C2-4D59-9E60-8C24CE7BFA68}.Publish|x86.Build.0 = Release|Any CPU
		{FE537690-82C2-4D59-9E60-8C24CE7BFA68}.Release|Any CPU.ActiveCfg = Release|Any CPU
		{FE537690-82C2-4D59-9E60-8C24CE7BFA68}.Release|Any CPU.Build.0 = Release|Any CPU
		{FE537690-82C2-4D59-9E60-8C24CE7BFA68}.Release|x64.ActiveCfg = Release|Any CPU
		{FE537690-82C2-4D59-9E60-8C24CE7BFA68}.Release|x64.Build.0 = Release|Any CPU
		{FE537690-82C2-4D59-9E60-8C24CE7BFA68}.Release|x86.ActiveCfg = Release|Any CPU
		{FE537690-82C2-4D59-9E60-8C24CE7BFA68}.Release|x86.Build.0 = Release|Any CPU
		{FE537690-82C2-4D59-9E60-8C24CE7BFA68}.Release-JP|Any CPU.ActiveCfg = Release|Any CPU
		{FE537690-82C2-4D59-9E60-8C24CE7BFA68}.Release-JP|Any CPU.Build.0 = Release|Any CPU
		{FE537690-82C2-4D59-9E60-8C24CE7BFA68}.Release-JP|x64.ActiveCfg = Release|Any CPU
		{FE537690-82C2-4D59-9E60-8C24CE7BFA68}.Release-JP|x64.Build.0 = Release|Any CPU
		{FE537690-82C2-4D59-9E60-8C24CE7BFA68}.Release-JP|x86.ActiveCfg = Release|Any CPU
		{FE537690-82C2-4D59-9E60-8C24CE7BFA68}.Release-JP|x86.Build.0 = Release|Any CPU
		{6EC5B5F3-198A-4C68-8308-913E0E4C2041}.Debug|Any CPU.ActiveCfg = Debug|Any CPU
		{6EC5B5F3-198A-4C68-8308-913E0E4C2041}.Debug|Any CPU.Build.0 = Debug|Any CPU
		{6EC5B5F3-198A-4C68-8308-913E0E4C2041}.Debug|x64.ActiveCfg = Debug|x64
		{6EC5B5F3-198A-4C68-8308-913E0E4C2041}.Debug|x64.Build.0 = Debug|x64
		{6EC5B5F3-198A-4C68-8308-913E0E4C2041}.Debug|x86.ActiveCfg = Debug|Any CPU
		{6EC5B5F3-198A-4C68-8308-913E0E4C2041}.Debug|x86.Build.0 = Debug|Any CPU
		{6EC5B5F3-198A-4C68-8308-913E0E4C2041}.Debug-Minimal|Any CPU.ActiveCfg = Debug|Any CPU
		{6EC5B5F3-198A-4C68-8308-913E0E4C2041}.Debug-Minimal|Any CPU.Build.0 = Debug|Any CPU
		{6EC5B5F3-198A-4C68-8308-913E0E4C2041}.Debug-Minimal|x64.ActiveCfg = Debug|x64
		{6EC5B5F3-198A-4C68-8308-913E0E4C2041}.Debug-Minimal|x64.Build.0 = Debug|x64
		{6EC5B5F3-198A-4C68-8308-913E0E4C2041}.Debug-Minimal|x86.ActiveCfg = Debug|Any CPU
		{6EC5B5F3-198A-4C68-8308-913E0E4C2041}.Debug-Minimal|x86.Build.0 = Debug|Any CPU
		{6EC5B5F3-198A-4C68-8308-913E0E4C2041}.FxCop|Any CPU.ActiveCfg = Release|Any CPU
		{6EC5B5F3-198A-4C68-8308-913E0E4C2041}.FxCop|Any CPU.Build.0 = Release|Any CPU
		{6EC5B5F3-198A-4C68-8308-913E0E4C2041}.FxCop|x64.ActiveCfg = Release|x64
		{6EC5B5F3-198A-4C68-8308-913E0E4C2041}.FxCop|x64.Build.0 = Release|x64
		{6EC5B5F3-198A-4C68-8308-913E0E4C2041}.FxCop|x86.ActiveCfg = Release|Any CPU
		{6EC5B5F3-198A-4C68-8308-913E0E4C2041}.FxCop|x86.Build.0 = Release|Any CPU
		{6EC5B5F3-198A-4C68-8308-913E0E4C2041}.Publish|Any CPU.ActiveCfg = Release|Any CPU
		{6EC5B5F3-198A-4C68-8308-913E0E4C2041}.Publish|Any CPU.Build.0 = Release|Any CPU
		{6EC5B5F3-198A-4C68-8308-913E0E4C2041}.Publish|x64.ActiveCfg = Debug|x64
		{6EC5B5F3-198A-4C68-8308-913E0E4C2041}.Publish|x64.Build.0 = Debug|x64
		{6EC5B5F3-198A-4C68-8308-913E0E4C2041}.Publish|x86.ActiveCfg = Release|Any CPU
		{6EC5B5F3-198A-4C68-8308-913E0E4C2041}.Publish|x86.Build.0 = Release|Any CPU
		{6EC5B5F3-198A-4C68-8308-913E0E4C2041}.Release|Any CPU.ActiveCfg = Release|Any CPU
		{6EC5B5F3-198A-4C68-8308-913E0E4C2041}.Release|Any CPU.Build.0 = Release|Any CPU
		{6EC5B5F3-198A-4C68-8308-913E0E4C2041}.Release|x64.ActiveCfg = Release|x64
		{6EC5B5F3-198A-4C68-8308-913E0E4C2041}.Release|x64.Build.0 = Release|x64
		{6EC5B5F3-198A-4C68-8308-913E0E4C2041}.Release|x86.ActiveCfg = Release|Any CPU
		{6EC5B5F3-198A-4C68-8308-913E0E4C2041}.Release|x86.Build.0 = Release|Any CPU
		{6EC5B5F3-198A-4C68-8308-913E0E4C2041}.Release-JP|Any CPU.ActiveCfg = Release|Any CPU
		{6EC5B5F3-198A-4C68-8308-913E0E4C2041}.Release-JP|Any CPU.Build.0 = Release|Any CPU
		{6EC5B5F3-198A-4C68-8308-913E0E4C2041}.Release-JP|x64.ActiveCfg = Release|x64
		{6EC5B5F3-198A-4C68-8308-913E0E4C2041}.Release-JP|x64.Build.0 = Release|x64
		{6EC5B5F3-198A-4C68-8308-913E0E4C2041}.Release-JP|x86.ActiveCfg = Release|Any CPU
		{6EC5B5F3-198A-4C68-8308-913E0E4C2041}.Release-JP|x86.Build.0 = Release|Any CPU
		{A268C7E0-F2F0-48EB-8CF3-4910E648C3C5}.Debug|Any CPU.ActiveCfg = Debug|Any CPU
		{A268C7E0-F2F0-48EB-8CF3-4910E648C3C5}.Debug|Any CPU.Build.0 = Debug|Any CPU
		{A268C7E0-F2F0-48EB-8CF3-4910E648C3C5}.Debug|x64.ActiveCfg = Debug|x64
		{A268C7E0-F2F0-48EB-8CF3-4910E648C3C5}.Debug|x64.Build.0 = Debug|x64
		{A268C7E0-F2F0-48EB-8CF3-4910E648C3C5}.Debug|x86.ActiveCfg = Debug|Any CPU
		{A268C7E0-F2F0-48EB-8CF3-4910E648C3C5}.Debug|x86.Build.0 = Debug|Any CPU
		{A268C7E0-F2F0-48EB-8CF3-4910E648C3C5}.Debug-Minimal|Any CPU.ActiveCfg = Debug|Any CPU
		{A268C7E0-F2F0-48EB-8CF3-4910E648C3C5}.Debug-Minimal|Any CPU.Build.0 = Debug|Any CPU
		{A268C7E0-F2F0-48EB-8CF3-4910E648C3C5}.Debug-Minimal|x64.ActiveCfg = Debug|x64
		{A268C7E0-F2F0-48EB-8CF3-4910E648C3C5}.Debug-Minimal|x64.Build.0 = Debug|x64
		{A268C7E0-F2F0-48EB-8CF3-4910E648C3C5}.Debug-Minimal|x86.ActiveCfg = Debug|Any CPU
		{A268C7E0-F2F0-48EB-8CF3-4910E648C3C5}.Debug-Minimal|x86.Build.0 = Debug|Any CPU
		{A268C7E0-F2F0-48EB-8CF3-4910E648C3C5}.FxCop|Any CPU.ActiveCfg = Release|Any CPU
		{A268C7E0-F2F0-48EB-8CF3-4910E648C3C5}.FxCop|Any CPU.Build.0 = Release|Any CPU
		{A268C7E0-F2F0-48EB-8CF3-4910E648C3C5}.FxCop|x64.ActiveCfg = Release|x64
		{A268C7E0-F2F0-48EB-8CF3-4910E648C3C5}.FxCop|x64.Build.0 = Release|x64
		{A268C7E0-F2F0-48EB-8CF3-4910E648C3C5}.FxCop|x86.ActiveCfg = Release|Any CPU
		{A268C7E0-F2F0-48EB-8CF3-4910E648C3C5}.FxCop|x86.Build.0 = Release|Any CPU
		{A268C7E0-F2F0-48EB-8CF3-4910E648C3C5}.Publish|Any CPU.ActiveCfg = Release|Any CPU
		{A268C7E0-F2F0-48EB-8CF3-4910E648C3C5}.Publish|Any CPU.Build.0 = Release|Any CPU
		{A268C7E0-F2F0-48EB-8CF3-4910E648C3C5}.Publish|x64.ActiveCfg = Debug|x64
		{A268C7E0-F2F0-48EB-8CF3-4910E648C3C5}.Publish|x64.Build.0 = Debug|x64
		{A268C7E0-F2F0-48EB-8CF3-4910E648C3C5}.Publish|x86.ActiveCfg = Release|Any CPU
		{A268C7E0-F2F0-48EB-8CF3-4910E648C3C5}.Publish|x86.Build.0 = Release|Any CPU
		{A268C7E0-F2F0-48EB-8CF3-4910E648C3C5}.Release|Any CPU.ActiveCfg = Release|Any CPU
		{A268C7E0-F2F0-48EB-8CF3-4910E648C3C5}.Release|Any CPU.Build.0 = Release|Any CPU
		{A268C7E0-F2F0-48EB-8CF3-4910E648C3C5}.Release|x64.ActiveCfg = Release|x64
		{A268C7E0-F2F0-48EB-8CF3-4910E648C3C5}.Release|x64.Build.0 = Release|x64
		{A268C7E0-F2F0-48EB-8CF3-4910E648C3C5}.Release|x86.ActiveCfg = Release|Any CPU
		{A268C7E0-F2F0-48EB-8CF3-4910E648C3C5}.Release|x86.Build.0 = Release|Any CPU
		{A268C7E0-F2F0-48EB-8CF3-4910E648C3C5}.Release-JP|Any CPU.ActiveCfg = Release|Any CPU
		{A268C7E0-F2F0-48EB-8CF3-4910E648C3C5}.Release-JP|Any CPU.Build.0 = Release|Any CPU
		{A268C7E0-F2F0-48EB-8CF3-4910E648C3C5}.Release-JP|x64.ActiveCfg = Release|x64
		{A268C7E0-F2F0-48EB-8CF3-4910E648C3C5}.Release-JP|x64.Build.0 = Release|x64
		{A268C7E0-F2F0-48EB-8CF3-4910E648C3C5}.Release-JP|x86.ActiveCfg = Release|Any CPU
		{A268C7E0-F2F0-48EB-8CF3-4910E648C3C5}.Release-JP|x86.Build.0 = Release|Any CPU
		{2C10842D-AD53-44C2-B616-C8BA8DA55DE3}.Debug|Any CPU.ActiveCfg = Debug|Any CPU
		{2C10842D-AD53-44C2-B616-C8BA8DA55DE3}.Debug|Any CPU.Build.0 = Debug|Any CPU
		{2C10842D-AD53-44C2-B616-C8BA8DA55DE3}.Debug|x64.ActiveCfg = Debug|x64
		{2C10842D-AD53-44C2-B616-C8BA8DA55DE3}.Debug|x64.Build.0 = Debug|x64
		{2C10842D-AD53-44C2-B616-C8BA8DA55DE3}.Debug|x86.ActiveCfg = Debug|x86
		{2C10842D-AD53-44C2-B616-C8BA8DA55DE3}.Debug|x86.Build.0 = Debug|x86
		{2C10842D-AD53-44C2-B616-C8BA8DA55DE3}.Debug-Minimal|Any CPU.ActiveCfg = Debug-Minimal|Any CPU
		{2C10842D-AD53-44C2-B616-C8BA8DA55DE3}.Debug-Minimal|Any CPU.Build.0 = Debug-Minimal|Any CPU
		{2C10842D-AD53-44C2-B616-C8BA8DA55DE3}.Debug-Minimal|x64.ActiveCfg = Debug-Minimal|x64
		{2C10842D-AD53-44C2-B616-C8BA8DA55DE3}.Debug-Minimal|x64.Build.0 = Debug-Minimal|x64
		{2C10842D-AD53-44C2-B616-C8BA8DA55DE3}.Debug-Minimal|x86.ActiveCfg = Debug-Minimal|x86
		{2C10842D-AD53-44C2-B616-C8BA8DA55DE3}.Debug-Minimal|x86.Build.0 = Debug-Minimal|x86
		{2C10842D-AD53-44C2-B616-C8BA8DA55DE3}.FxCop|Any CPU.ActiveCfg = Release|Any CPU
		{2C10842D-AD53-44C2-B616-C8BA8DA55DE3}.FxCop|Any CPU.Build.0 = Release|Any CPU
		{2C10842D-AD53-44C2-B616-C8BA8DA55DE3}.FxCop|x64.ActiveCfg = Release|x64
		{2C10842D-AD53-44C2-B616-C8BA8DA55DE3}.FxCop|x64.Build.0 = Release|x64
		{2C10842D-AD53-44C2-B616-C8BA8DA55DE3}.FxCop|x86.ActiveCfg = Release|x86
		{2C10842D-AD53-44C2-B616-C8BA8DA55DE3}.FxCop|x86.Build.0 = Release|x86
		{2C10842D-AD53-44C2-B616-C8BA8DA55DE3}.Publish|Any CPU.ActiveCfg = Publish|Any CPU
		{2C10842D-AD53-44C2-B616-C8BA8DA55DE3}.Publish|Any CPU.Build.0 = Publish|Any CPU
		{2C10842D-AD53-44C2-B616-C8BA8DA55DE3}.Publish|x64.ActiveCfg = Publish|x64
		{2C10842D-AD53-44C2-B616-C8BA8DA55DE3}.Publish|x64.Build.0 = Publish|x64
		{2C10842D-AD53-44C2-B616-C8BA8DA55DE3}.Publish|x86.ActiveCfg = Publish|x86
		{2C10842D-AD53-44C2-B616-C8BA8DA55DE3}.Publish|x86.Build.0 = Publish|x86
		{2C10842D-AD53-44C2-B616-C8BA8DA55DE3}.Release|Any CPU.ActiveCfg = Release|Any CPU
		{2C10842D-AD53-44C2-B616-C8BA8DA55DE3}.Release|Any CPU.Build.0 = Release|Any CPU
		{2C10842D-AD53-44C2-B616-C8BA8DA55DE3}.Release|x64.ActiveCfg = Release|x64
		{2C10842D-AD53-44C2-B616-C8BA8DA55DE3}.Release|x64.Build.0 = Release|x64
		{2C10842D-AD53-44C2-B616-C8BA8DA55DE3}.Release|x86.ActiveCfg = Release|x86
		{2C10842D-AD53-44C2-B616-C8BA8DA55DE3}.Release|x86.Build.0 = Release|x86
		{2C10842D-AD53-44C2-B616-C8BA8DA55DE3}.Release-JP|Any CPU.ActiveCfg = Release|Any CPU
		{2C10842D-AD53-44C2-B616-C8BA8DA55DE3}.Release-JP|Any CPU.Build.0 = Release|Any CPU
		{2C10842D-AD53-44C2-B616-C8BA8DA55DE3}.Release-JP|x64.ActiveCfg = Release|x64
		{2C10842D-AD53-44C2-B616-C8BA8DA55DE3}.Release-JP|x64.Build.0 = Release|x64
		{2C10842D-AD53-44C2-B616-C8BA8DA55DE3}.Release-JP|x86.ActiveCfg = Release|x86
		{2C10842D-AD53-44C2-B616-C8BA8DA55DE3}.Release-JP|x86.Build.0 = Release|x86
		{0DD37FD5-2156-44DE-A25C-89ADAE050558}.Debug|Any CPU.ActiveCfg = Debug|Any CPU
		{0DD37FD5-2156-44DE-A25C-89ADAE050558}.Debug|Any CPU.Build.0 = Debug|Any CPU
		{0DD37FD5-2156-44DE-A25C-89ADAE050558}.Debug|x64.ActiveCfg = Debug|Any CPU
		{0DD37FD5-2156-44DE-A25C-89ADAE050558}.Debug|x64.Build.0 = Debug|Any CPU
		{0DD37FD5-2156-44DE-A25C-89ADAE050558}.Debug|x86.ActiveCfg = Debug|Any CPU
		{0DD37FD5-2156-44DE-A25C-89ADAE050558}.Debug|x86.Build.0 = Debug|Any CPU
		{0DD37FD5-2156-44DE-A25C-89ADAE050558}.Debug-Minimal|Any CPU.ActiveCfg = Debug|Any CPU
		{0DD37FD5-2156-44DE-A25C-89ADAE050558}.Debug-Minimal|Any CPU.Build.0 = Debug|Any CPU
		{0DD37FD5-2156-44DE-A25C-89ADAE050558}.Debug-Minimal|x64.ActiveCfg = Debug|Any CPU
		{0DD37FD5-2156-44DE-A25C-89ADAE050558}.Debug-Minimal|x64.Build.0 = Debug|Any CPU
		{0DD37FD5-2156-44DE-A25C-89ADAE050558}.Debug-Minimal|x86.ActiveCfg = Debug|Any CPU
		{0DD37FD5-2156-44DE-A25C-89ADAE050558}.Debug-Minimal|x86.Build.0 = Debug|Any CPU
		{0DD37FD5-2156-44DE-A25C-89ADAE050558}.FxCop|Any CPU.ActiveCfg = Release|Any CPU
		{0DD37FD5-2156-44DE-A25C-89ADAE050558}.FxCop|Any CPU.Build.0 = Release|Any CPU
		{0DD37FD5-2156-44DE-A25C-89ADAE050558}.FxCop|x64.ActiveCfg = Release|Any CPU
		{0DD37FD5-2156-44DE-A25C-89ADAE050558}.FxCop|x64.Build.0 = Release|Any CPU
		{0DD37FD5-2156-44DE-A25C-89ADAE050558}.FxCop|x86.ActiveCfg = Release|Any CPU
		{0DD37FD5-2156-44DE-A25C-89ADAE050558}.FxCop|x86.Build.0 = Release|Any CPU
		{0DD37FD5-2156-44DE-A25C-89ADAE050558}.Publish|Any CPU.ActiveCfg = Release|Any CPU
		{0DD37FD5-2156-44DE-A25C-89ADAE050558}.Publish|Any CPU.Build.0 = Release|Any CPU
		{0DD37FD5-2156-44DE-A25C-89ADAE050558}.Publish|x64.ActiveCfg = Release|Any CPU
		{0DD37FD5-2156-44DE-A25C-89ADAE050558}.Publish|x64.Build.0 = Release|Any CPU
		{0DD37FD5-2156-44DE-A25C-89ADAE050558}.Publish|x86.ActiveCfg = Release|Any CPU
		{0DD37FD5-2156-44DE-A25C-89ADAE050558}.Publish|x86.Build.0 = Release|Any CPU
		{0DD37FD5-2156-44DE-A25C-89ADAE050558}.Release|Any CPU.ActiveCfg = Release|Any CPU
		{0DD37FD5-2156-44DE-A25C-89ADAE050558}.Release|Any CPU.Build.0 = Release|Any CPU
		{0DD37FD5-2156-44DE-A25C-89ADAE050558}.Release|x64.ActiveCfg = Release|Any CPU
		{0DD37FD5-2156-44DE-A25C-89ADAE050558}.Release|x64.Build.0 = Release|Any CPU
		{0DD37FD5-2156-44DE-A25C-89ADAE050558}.Release|x86.ActiveCfg = Release|Any CPU
		{0DD37FD5-2156-44DE-A25C-89ADAE050558}.Release|x86.Build.0 = Release|Any CPU
		{0DD37FD5-2156-44DE-A25C-89ADAE050558}.Release-JP|Any CPU.ActiveCfg = Release|Any CPU
		{0DD37FD5-2156-44DE-A25C-89ADAE050558}.Release-JP|Any CPU.Build.0 = Release|Any CPU
		{0DD37FD5-2156-44DE-A25C-89ADAE050558}.Release-JP|x64.ActiveCfg = Release|Any CPU
		{0DD37FD5-2156-44DE-A25C-89ADAE050558}.Release-JP|x64.Build.0 = Release|Any CPU
		{0DD37FD5-2156-44DE-A25C-89ADAE050558}.Release-JP|x86.ActiveCfg = Release|Any CPU
		{0DD37FD5-2156-44DE-A25C-89ADAE050558}.Release-JP|x86.Build.0 = Release|Any CPU
		{08075A10-3AC8-48A5-9635-567997654B28}.Debug|Any CPU.ActiveCfg = Debug|Any CPU
		{08075A10-3AC8-48A5-9635-567997654B28}.Debug|Any CPU.Build.0 = Debug|Any CPU
		{08075A10-3AC8-48A5-9635-567997654B28}.Debug|x64.ActiveCfg = Debug|Any CPU
		{08075A10-3AC8-48A5-9635-567997654B28}.Debug|x64.Build.0 = Debug|Any CPU
		{08075A10-3AC8-48A5-9635-567997654B28}.Debug|x86.ActiveCfg = Debug|Any CPU
		{08075A10-3AC8-48A5-9635-567997654B28}.Debug|x86.Build.0 = Debug|Any CPU
		{08075A10-3AC8-48A5-9635-567997654B28}.Debug-Minimal|Any CPU.ActiveCfg = Debug|Any CPU
		{08075A10-3AC8-48A5-9635-567997654B28}.Debug-Minimal|Any CPU.Build.0 = Debug|Any CPU
		{08075A10-3AC8-48A5-9635-567997654B28}.Debug-Minimal|x64.ActiveCfg = Debug|Any CPU
		{08075A10-3AC8-48A5-9635-567997654B28}.Debug-Minimal|x64.Build.0 = Debug|Any CPU
		{08075A10-3AC8-48A5-9635-567997654B28}.Debug-Minimal|x86.ActiveCfg = Debug|Any CPU
		{08075A10-3AC8-48A5-9635-567997654B28}.Debug-Minimal|x86.Build.0 = Debug|Any CPU
		{08075A10-3AC8-48A5-9635-567997654B28}.FxCop|Any CPU.ActiveCfg = FxCop|Any CPU
		{08075A10-3AC8-48A5-9635-567997654B28}.FxCop|Any CPU.Build.0 = FxCop|Any CPU
		{08075A10-3AC8-48A5-9635-567997654B28}.FxCop|x64.ActiveCfg = FxCop|Any CPU
		{08075A10-3AC8-48A5-9635-567997654B28}.FxCop|x64.Build.0 = FxCop|Any CPU
		{08075A10-3AC8-48A5-9635-567997654B28}.FxCop|x86.ActiveCfg = FxCop|Any CPU
		{08075A10-3AC8-48A5-9635-567997654B28}.FxCop|x86.Build.0 = FxCop|Any CPU
		{08075A10-3AC8-48A5-9635-567997654B28}.Publish|Any CPU.ActiveCfg = Debug|Any CPU
		{08075A10-3AC8-48A5-9635-567997654B28}.Publish|Any CPU.Build.0 = Debug|Any CPU
		{08075A10-3AC8-48A5-9635-567997654B28}.Publish|x64.ActiveCfg = Debug|Any CPU
		{08075A10-3AC8-48A5-9635-567997654B28}.Publish|x64.Build.0 = Debug|Any CPU
		{08075A10-3AC8-48A5-9635-567997654B28}.Publish|x86.ActiveCfg = Debug|Any CPU
		{08075A10-3AC8-48A5-9635-567997654B28}.Publish|x86.Build.0 = Debug|Any CPU
		{08075A10-3AC8-48A5-9635-567997654B28}.Release|Any CPU.ActiveCfg = Release|Any CPU
		{08075A10-3AC8-48A5-9635-567997654B28}.Release|Any CPU.Build.0 = Release|Any CPU
		{08075A10-3AC8-48A5-9635-567997654B28}.Release|x64.ActiveCfg = Release|Any CPU
		{08075A10-3AC8-48A5-9635-567997654B28}.Release|x64.Build.0 = Release|Any CPU
		{08075A10-3AC8-48A5-9635-567997654B28}.Release|x86.ActiveCfg = Release|Any CPU
		{08075A10-3AC8-48A5-9635-567997654B28}.Release|x86.Build.0 = Release|Any CPU
		{08075A10-3AC8-48A5-9635-567997654B28}.Release-JP|Any CPU.ActiveCfg = Release-JP|Any CPU
		{08075A10-3AC8-48A5-9635-567997654B28}.Release-JP|Any CPU.Build.0 = Release-JP|Any CPU
		{08075A10-3AC8-48A5-9635-567997654B28}.Release-JP|x64.ActiveCfg = Release-JP|Any CPU
		{08075A10-3AC8-48A5-9635-567997654B28}.Release-JP|x64.Build.0 = Release-JP|Any CPU
		{08075A10-3AC8-48A5-9635-567997654B28}.Release-JP|x86.ActiveCfg = Release-JP|Any CPU
		{08075A10-3AC8-48A5-9635-567997654B28}.Release-JP|x86.Build.0 = Release-JP|Any CPU
		{DF6AFBE3-1B4E-45B7-9718-E7AE059CC6A2}.Debug|Any CPU.ActiveCfg = Debug|Any CPU
		{DF6AFBE3-1B4E-45B7-9718-E7AE059CC6A2}.Debug|Any CPU.Build.0 = Debug|Any CPU
		{DF6AFBE3-1B4E-45B7-9718-E7AE059CC6A2}.Debug|x64.ActiveCfg = Debug|Any CPU
		{DF6AFBE3-1B4E-45B7-9718-E7AE059CC6A2}.Debug|x64.Build.0 = Debug|Any CPU
		{DF6AFBE3-1B4E-45B7-9718-E7AE059CC6A2}.Debug|x86.ActiveCfg = Debug|Any CPU
		{DF6AFBE3-1B4E-45B7-9718-E7AE059CC6A2}.Debug|x86.Build.0 = Debug|Any CPU
		{DF6AFBE3-1B4E-45B7-9718-E7AE059CC6A2}.Debug-Minimal|Any CPU.ActiveCfg = Debug|Any CPU
		{DF6AFBE3-1B4E-45B7-9718-E7AE059CC6A2}.Debug-Minimal|Any CPU.Build.0 = Debug|Any CPU
		{DF6AFBE3-1B4E-45B7-9718-E7AE059CC6A2}.Debug-Minimal|x64.ActiveCfg = Debug|Any CPU
		{DF6AFBE3-1B4E-45B7-9718-E7AE059CC6A2}.Debug-Minimal|x64.Build.0 = Debug|Any CPU
		{DF6AFBE3-1B4E-45B7-9718-E7AE059CC6A2}.Debug-Minimal|x86.ActiveCfg = Debug|Any CPU
		{DF6AFBE3-1B4E-45B7-9718-E7AE059CC6A2}.Debug-Minimal|x86.Build.0 = Debug|Any CPU
		{DF6AFBE3-1B4E-45B7-9718-E7AE059CC6A2}.FxCop|Any CPU.ActiveCfg = Debug|Any CPU
		{DF6AFBE3-1B4E-45B7-9718-E7AE059CC6A2}.FxCop|Any CPU.Build.0 = Debug|Any CPU
		{DF6AFBE3-1B4E-45B7-9718-E7AE059CC6A2}.FxCop|x64.ActiveCfg = Debug|Any CPU
		{DF6AFBE3-1B4E-45B7-9718-E7AE059CC6A2}.FxCop|x64.Build.0 = Debug|Any CPU
		{DF6AFBE3-1B4E-45B7-9718-E7AE059CC6A2}.FxCop|x86.ActiveCfg = Debug|Any CPU
		{DF6AFBE3-1B4E-45B7-9718-E7AE059CC6A2}.FxCop|x86.Build.0 = Debug|Any CPU
		{DF6AFBE3-1B4E-45B7-9718-E7AE059CC6A2}.Publish|Any CPU.ActiveCfg = Debug|Any CPU
		{DF6AFBE3-1B4E-45B7-9718-E7AE059CC6A2}.Publish|Any CPU.Build.0 = Debug|Any CPU
		{DF6AFBE3-1B4E-45B7-9718-E7AE059CC6A2}.Publish|x64.ActiveCfg = Debug|Any CPU
		{DF6AFBE3-1B4E-45B7-9718-E7AE059CC6A2}.Publish|x64.Build.0 = Debug|Any CPU
		{DF6AFBE3-1B4E-45B7-9718-E7AE059CC6A2}.Publish|x86.ActiveCfg = Debug|Any CPU
		{DF6AFBE3-1B4E-45B7-9718-E7AE059CC6A2}.Publish|x86.Build.0 = Debug|Any CPU
		{DF6AFBE3-1B4E-45B7-9718-E7AE059CC6A2}.Release|Any CPU.ActiveCfg = Release|Any CPU
		{DF6AFBE3-1B4E-45B7-9718-E7AE059CC6A2}.Release|Any CPU.Build.0 = Release|Any CPU
		{DF6AFBE3-1B4E-45B7-9718-E7AE059CC6A2}.Release|x64.ActiveCfg = Release|Any CPU
		{DF6AFBE3-1B4E-45B7-9718-E7AE059CC6A2}.Release|x64.Build.0 = Release|Any CPU
		{DF6AFBE3-1B4E-45B7-9718-E7AE059CC6A2}.Release|x86.ActiveCfg = Release|Any CPU
		{DF6AFBE3-1B4E-45B7-9718-E7AE059CC6A2}.Release|x86.Build.0 = Release|Any CPU
		{DF6AFBE3-1B4E-45B7-9718-E7AE059CC6A2}.Release-JP|Any CPU.ActiveCfg = Release|Any CPU
		{DF6AFBE3-1B4E-45B7-9718-E7AE059CC6A2}.Release-JP|Any CPU.Build.0 = Release|Any CPU
		{DF6AFBE3-1B4E-45B7-9718-E7AE059CC6A2}.Release-JP|x64.ActiveCfg = Release|Any CPU
		{DF6AFBE3-1B4E-45B7-9718-E7AE059CC6A2}.Release-JP|x64.Build.0 = Release|Any CPU
		{DF6AFBE3-1B4E-45B7-9718-E7AE059CC6A2}.Release-JP|x86.ActiveCfg = Release|Any CPU
		{DF6AFBE3-1B4E-45B7-9718-E7AE059CC6A2}.Release-JP|x86.Build.0 = Release|Any CPU
		{6DDAAA4B-2E22-4E7F-BC16-73A72F87FFB1}.Debug|Any CPU.ActiveCfg = Debug|Any CPU
		{6DDAAA4B-2E22-4E7F-BC16-73A72F87FFB1}.Debug|Any CPU.Build.0 = Debug|Any CPU
		{6DDAAA4B-2E22-4E7F-BC16-73A72F87FFB1}.Debug|x64.ActiveCfg = Debug|Any CPU
		{6DDAAA4B-2E22-4E7F-BC16-73A72F87FFB1}.Debug|x64.Build.0 = Debug|Any CPU
		{6DDAAA4B-2E22-4E7F-BC16-73A72F87FFB1}.Debug|x86.ActiveCfg = Debug|Any CPU
		{6DDAAA4B-2E22-4E7F-BC16-73A72F87FFB1}.Debug|x86.Build.0 = Debug|Any CPU
		{6DDAAA4B-2E22-4E7F-BC16-73A72F87FFB1}.Debug-Minimal|Any CPU.ActiveCfg = Debug|Any CPU
		{6DDAAA4B-2E22-4E7F-BC16-73A72F87FFB1}.Debug-Minimal|Any CPU.Build.0 = Debug|Any CPU
		{6DDAAA4B-2E22-4E7F-BC16-73A72F87FFB1}.Debug-Minimal|x64.ActiveCfg = Debug|Any CPU
		{6DDAAA4B-2E22-4E7F-BC16-73A72F87FFB1}.Debug-Minimal|x64.Build.0 = Debug|Any CPU
		{6DDAAA4B-2E22-4E7F-BC16-73A72F87FFB1}.Debug-Minimal|x86.ActiveCfg = Debug|Any CPU
		{6DDAAA4B-2E22-4E7F-BC16-73A72F87FFB1}.Debug-Minimal|x86.Build.0 = Debug|Any CPU
		{6DDAAA4B-2E22-4E7F-BC16-73A72F87FFB1}.FxCop|Any CPU.ActiveCfg = Debug|Any CPU
		{6DDAAA4B-2E22-4E7F-BC16-73A72F87FFB1}.FxCop|Any CPU.Build.0 = Debug|Any CPU
		{6DDAAA4B-2E22-4E7F-BC16-73A72F87FFB1}.FxCop|x64.ActiveCfg = Debug|Any CPU
		{6DDAAA4B-2E22-4E7F-BC16-73A72F87FFB1}.FxCop|x64.Build.0 = Debug|Any CPU
		{6DDAAA4B-2E22-4E7F-BC16-73A72F87FFB1}.FxCop|x86.ActiveCfg = Debug|Any CPU
		{6DDAAA4B-2E22-4E7F-BC16-73A72F87FFB1}.FxCop|x86.Build.0 = Debug|Any CPU
		{6DDAAA4B-2E22-4E7F-BC16-73A72F87FFB1}.Publish|Any CPU.ActiveCfg = Debug|Any CPU
		{6DDAAA4B-2E22-4E7F-BC16-73A72F87FFB1}.Publish|Any CPU.Build.0 = Debug|Any CPU
		{6DDAAA4B-2E22-4E7F-BC16-73A72F87FFB1}.Publish|x64.ActiveCfg = Debug|Any CPU
		{6DDAAA4B-2E22-4E7F-BC16-73A72F87FFB1}.Publish|x64.Build.0 = Debug|Any CPU
		{6DDAAA4B-2E22-4E7F-BC16-73A72F87FFB1}.Publish|x86.ActiveCfg = Debug|Any CPU
		{6DDAAA4B-2E22-4E7F-BC16-73A72F87FFB1}.Publish|x86.Build.0 = Debug|Any CPU
		{6DDAAA4B-2E22-4E7F-BC16-73A72F87FFB1}.Release|Any CPU.ActiveCfg = Release|Any CPU
		{6DDAAA4B-2E22-4E7F-BC16-73A72F87FFB1}.Release|Any CPU.Build.0 = Release|Any CPU
		{6DDAAA4B-2E22-4E7F-BC16-73A72F87FFB1}.Release|x64.ActiveCfg = Release|Any CPU
		{6DDAAA4B-2E22-4E7F-BC16-73A72F87FFB1}.Release|x64.Build.0 = Release|Any CPU
		{6DDAAA4B-2E22-4E7F-BC16-73A72F87FFB1}.Release|x86.ActiveCfg = Release|Any CPU
		{6DDAAA4B-2E22-4E7F-BC16-73A72F87FFB1}.Release|x86.Build.0 = Release|Any CPU
		{6DDAAA4B-2E22-4E7F-BC16-73A72F87FFB1}.Release-JP|Any CPU.ActiveCfg = Release|Any CPU
		{6DDAAA4B-2E22-4E7F-BC16-73A72F87FFB1}.Release-JP|Any CPU.Build.0 = Release|Any CPU
		{6DDAAA4B-2E22-4E7F-BC16-73A72F87FFB1}.Release-JP|x64.ActiveCfg = Release|Any CPU
		{6DDAAA4B-2E22-4E7F-BC16-73A72F87FFB1}.Release-JP|x64.Build.0 = Release|Any CPU
		{6DDAAA4B-2E22-4E7F-BC16-73A72F87FFB1}.Release-JP|x86.ActiveCfg = Release|Any CPU
		{6DDAAA4B-2E22-4E7F-BC16-73A72F87FFB1}.Release-JP|x86.Build.0 = Release|Any CPU
		{C841B233-01FE-4981-BC6F-56A7E54C5E36}.Debug|Any CPU.ActiveCfg = Debug|Any CPU
		{C841B233-01FE-4981-BC6F-56A7E54C5E36}.Debug|Any CPU.Build.0 = Debug|Any CPU
		{C841B233-01FE-4981-BC6F-56A7E54C5E36}.Debug|x64.ActiveCfg = Debug|Any CPU
		{C841B233-01FE-4981-BC6F-56A7E54C5E36}.Debug|x64.Build.0 = Debug|Any CPU
		{C841B233-01FE-4981-BC6F-56A7E54C5E36}.Debug|x86.ActiveCfg = Debug|Any CPU
		{C841B233-01FE-4981-BC6F-56A7E54C5E36}.Debug|x86.Build.0 = Debug|Any CPU
		{C841B233-01FE-4981-BC6F-56A7E54C5E36}.Debug-Minimal|Any CPU.ActiveCfg = Debug|Any CPU
		{C841B233-01FE-4981-BC6F-56A7E54C5E36}.Debug-Minimal|Any CPU.Build.0 = Debug|Any CPU
		{C841B233-01FE-4981-BC6F-56A7E54C5E36}.Debug-Minimal|x64.ActiveCfg = Debug|Any CPU
		{C841B233-01FE-4981-BC6F-56A7E54C5E36}.Debug-Minimal|x64.Build.0 = Debug|Any CPU
		{C841B233-01FE-4981-BC6F-56A7E54C5E36}.Debug-Minimal|x86.ActiveCfg = Debug|Any CPU
		{C841B233-01FE-4981-BC6F-56A7E54C5E36}.Debug-Minimal|x86.Build.0 = Debug|Any CPU
		{C841B233-01FE-4981-BC6F-56A7E54C5E36}.FxCop|Any CPU.ActiveCfg = Debug|Any CPU
		{C841B233-01FE-4981-BC6F-56A7E54C5E36}.FxCop|Any CPU.Build.0 = Debug|Any CPU
		{C841B233-01FE-4981-BC6F-56A7E54C5E36}.FxCop|x64.ActiveCfg = Debug|Any CPU
		{C841B233-01FE-4981-BC6F-56A7E54C5E36}.FxCop|x64.Build.0 = Debug|Any CPU
		{C841B233-01FE-4981-BC6F-56A7E54C5E36}.FxCop|x86.ActiveCfg = Debug|Any CPU
		{C841B233-01FE-4981-BC6F-56A7E54C5E36}.FxCop|x86.Build.0 = Debug|Any CPU
		{C841B233-01FE-4981-BC6F-56A7E54C5E36}.Publish|Any CPU.ActiveCfg = Debug|Any CPU
		{C841B233-01FE-4981-BC6F-56A7E54C5E36}.Publish|Any CPU.Build.0 = Debug|Any CPU
		{C841B233-01FE-4981-BC6F-56A7E54C5E36}.Publish|x64.ActiveCfg = Debug|Any CPU
		{C841B233-01FE-4981-BC6F-56A7E54C5E36}.Publish|x64.Build.0 = Debug|Any CPU
		{C841B233-01FE-4981-BC6F-56A7E54C5E36}.Publish|x86.ActiveCfg = Debug|Any CPU
		{C841B233-01FE-4981-BC6F-56A7E54C5E36}.Publish|x86.Build.0 = Debug|Any CPU
		{C841B233-01FE-4981-BC6F-56A7E54C5E36}.Release|Any CPU.ActiveCfg = Release|Any CPU
		{C841B233-01FE-4981-BC6F-56A7E54C5E36}.Release|Any CPU.Build.0 = Release|Any CPU
		{C841B233-01FE-4981-BC6F-56A7E54C5E36}.Release|x64.ActiveCfg = Release|Any CPU
		{C841B233-01FE-4981-BC6F-56A7E54C5E36}.Release|x64.Build.0 = Release|Any CPU
		{C841B233-01FE-4981-BC6F-56A7E54C5E36}.Release|x86.ActiveCfg = Release|Any CPU
		{C841B233-01FE-4981-BC6F-56A7E54C5E36}.Release|x86.Build.0 = Release|Any CPU
		{C841B233-01FE-4981-BC6F-56A7E54C5E36}.Release-JP|Any CPU.ActiveCfg = Release|Any CPU
		{C841B233-01FE-4981-BC6F-56A7E54C5E36}.Release-JP|Any CPU.Build.0 = Release|Any CPU
		{C841B233-01FE-4981-BC6F-56A7E54C5E36}.Release-JP|x64.ActiveCfg = Release|Any CPU
		{C841B233-01FE-4981-BC6F-56A7E54C5E36}.Release-JP|x64.Build.0 = Release|Any CPU
		{C841B233-01FE-4981-BC6F-56A7E54C5E36}.Release-JP|x86.ActiveCfg = Release|Any CPU
		{C841B233-01FE-4981-BC6F-56A7E54C5E36}.Release-JP|x86.Build.0 = Release|Any CPU
		{E4666B99-145A-436D-9540-2E4593A061A6}.Debug|Any CPU.ActiveCfg = Debug|Any CPU
		{E4666B99-145A-436D-9540-2E4593A061A6}.Debug|Any CPU.Build.0 = Debug|Any CPU
		{E4666B99-145A-436D-9540-2E4593A061A6}.Debug|x64.ActiveCfg = Debug|x64
		{E4666B99-145A-436D-9540-2E4593A061A6}.Debug|x64.Build.0 = Debug|x64
		{E4666B99-145A-436D-9540-2E4593A061A6}.Debug|x86.ActiveCfg = Debug|x86
		{E4666B99-145A-436D-9540-2E4593A061A6}.Debug|x86.Build.0 = Debug|x86
		{E4666B99-145A-436D-9540-2E4593A061A6}.Debug-Minimal|Any CPU.ActiveCfg = Debug|Any CPU
		{E4666B99-145A-436D-9540-2E4593A061A6}.Debug-Minimal|Any CPU.Build.0 = Debug|Any CPU
		{E4666B99-145A-436D-9540-2E4593A061A6}.Debug-Minimal|x64.ActiveCfg = Debug|x64
		{E4666B99-145A-436D-9540-2E4593A061A6}.Debug-Minimal|x64.Build.0 = Debug|x64
		{E4666B99-145A-436D-9540-2E4593A061A6}.Debug-Minimal|x86.ActiveCfg = Debug|x86
		{E4666B99-145A-436D-9540-2E4593A061A6}.Debug-Minimal|x86.Build.0 = Debug|x86
		{E4666B99-145A-436D-9540-2E4593A061A6}.FxCop|Any CPU.ActiveCfg = Debug|Any CPU
		{E4666B99-145A-436D-9540-2E4593A061A6}.FxCop|Any CPU.Build.0 = Debug|Any CPU
		{E4666B99-145A-436D-9540-2E4593A061A6}.FxCop|x64.ActiveCfg = Debug|x64
		{E4666B99-145A-436D-9540-2E4593A061A6}.FxCop|x64.Build.0 = Debug|x64
		{E4666B99-145A-436D-9540-2E4593A061A6}.FxCop|x86.ActiveCfg = Debug|x86
		{E4666B99-145A-436D-9540-2E4593A061A6}.FxCop|x86.Build.0 = Debug|x86
		{E4666B99-145A-436D-9540-2E4593A061A6}.Publish|Any CPU.ActiveCfg = Debug|Any CPU
		{E4666B99-145A-436D-9540-2E4593A061A6}.Publish|Any CPU.Build.0 = Debug|Any CPU
		{E4666B99-145A-436D-9540-2E4593A061A6}.Publish|x64.ActiveCfg = Debug|x64
		{E4666B99-145A-436D-9540-2E4593A061A6}.Publish|x64.Build.0 = Debug|x64
		{E4666B99-145A-436D-9540-2E4593A061A6}.Publish|x86.ActiveCfg = Debug|x86
		{E4666B99-145A-436D-9540-2E4593A061A6}.Publish|x86.Build.0 = Debug|x86
		{E4666B99-145A-436D-9540-2E4593A061A6}.Release|Any CPU.ActiveCfg = Release|Any CPU
		{E4666B99-145A-436D-9540-2E4593A061A6}.Release|Any CPU.Build.0 = Release|Any CPU
		{E4666B99-145A-436D-9540-2E4593A061A6}.Release|x64.ActiveCfg = Release|x64
		{E4666B99-145A-436D-9540-2E4593A061A6}.Release|x64.Build.0 = Release|x64
		{E4666B99-145A-436D-9540-2E4593A061A6}.Release|x86.ActiveCfg = Release|x86
		{E4666B99-145A-436D-9540-2E4593A061A6}.Release|x86.Build.0 = Release|x86
		{E4666B99-145A-436D-9540-2E4593A061A6}.Release-JP|Any CPU.ActiveCfg = Release|Any CPU
		{E4666B99-145A-436D-9540-2E4593A061A6}.Release-JP|Any CPU.Build.0 = Release|Any CPU
		{E4666B99-145A-436D-9540-2E4593A061A6}.Release-JP|x64.ActiveCfg = Release|x64
		{E4666B99-145A-436D-9540-2E4593A061A6}.Release-JP|x64.Build.0 = Release|x64
		{E4666B99-145A-436D-9540-2E4593A061A6}.Release-JP|x86.ActiveCfg = Release|x86
		{E4666B99-145A-436D-9540-2E4593A061A6}.Release-JP|x86.Build.0 = Release|x86
		{34729F31-ADB9-403F-8F47-CAB2A3669AFF}.Debug|Any CPU.ActiveCfg = Debug|Any CPU
		{34729F31-ADB9-403F-8F47-CAB2A3669AFF}.Debug|Any CPU.Build.0 = Debug|Any CPU
		{34729F31-ADB9-403F-8F47-CAB2A3669AFF}.Debug|x64.ActiveCfg = Debug|Any CPU
		{34729F31-ADB9-403F-8F47-CAB2A3669AFF}.Debug|x64.Build.0 = Debug|Any CPU
		{34729F31-ADB9-403F-8F47-CAB2A3669AFF}.Debug|x86.ActiveCfg = Debug|Any CPU
		{34729F31-ADB9-403F-8F47-CAB2A3669AFF}.Debug|x86.Build.0 = Debug|Any CPU
		{34729F31-ADB9-403F-8F47-CAB2A3669AFF}.Debug-Minimal|Any CPU.ActiveCfg = Debug|Any CPU
		{34729F31-ADB9-403F-8F47-CAB2A3669AFF}.Debug-Minimal|Any CPU.Build.0 = Debug|Any CPU
		{34729F31-ADB9-403F-8F47-CAB2A3669AFF}.Debug-Minimal|x64.ActiveCfg = Debug|Any CPU
		{34729F31-ADB9-403F-8F47-CAB2A3669AFF}.Debug-Minimal|x64.Build.0 = Debug|Any CPU
		{34729F31-ADB9-403F-8F47-CAB2A3669AFF}.Debug-Minimal|x86.ActiveCfg = Debug|Any CPU
		{34729F31-ADB9-403F-8F47-CAB2A3669AFF}.Debug-Minimal|x86.Build.0 = Debug|Any CPU
		{34729F31-ADB9-403F-8F47-CAB2A3669AFF}.FxCop|Any CPU.ActiveCfg = Debug|Any CPU
		{34729F31-ADB9-403F-8F47-CAB2A3669AFF}.FxCop|Any CPU.Build.0 = Debug|Any CPU
		{34729F31-ADB9-403F-8F47-CAB2A3669AFF}.FxCop|x64.ActiveCfg = Debug|Any CPU
		{34729F31-ADB9-403F-8F47-CAB2A3669AFF}.FxCop|x64.Build.0 = Debug|Any CPU
		{34729F31-ADB9-403F-8F47-CAB2A3669AFF}.FxCop|x86.ActiveCfg = Debug|Any CPU
		{34729F31-ADB9-403F-8F47-CAB2A3669AFF}.FxCop|x86.Build.0 = Debug|Any CPU
		{34729F31-ADB9-403F-8F47-CAB2A3669AFF}.Publish|Any CPU.ActiveCfg = Debug|Any CPU
		{34729F31-ADB9-403F-8F47-CAB2A3669AFF}.Publish|Any CPU.Build.0 = Debug|Any CPU
		{34729F31-ADB9-403F-8F47-CAB2A3669AFF}.Publish|x64.ActiveCfg = Debug|Any CPU
		{34729F31-ADB9-403F-8F47-CAB2A3669AFF}.Publish|x64.Build.0 = Debug|Any CPU
		{34729F31-ADB9-403F-8F47-CAB2A3669AFF}.Publish|x86.ActiveCfg = Debug|Any CPU
		{34729F31-ADB9-403F-8F47-CAB2A3669AFF}.Publish|x86.Build.0 = Debug|Any CPU
		{34729F31-ADB9-403F-8F47-CAB2A3669AFF}.Release|Any CPU.ActiveCfg = Release|Any CPU
		{34729F31-ADB9-403F-8F47-CAB2A3669AFF}.Release|Any CPU.Build.0 = Release|Any CPU
		{34729F31-ADB9-403F-8F47-CAB2A3669AFF}.Release|x64.ActiveCfg = Release|Any CPU
		{34729F31-ADB9-403F-8F47-CAB2A3669AFF}.Release|x64.Build.0 = Release|Any CPU
		{34729F31-ADB9-403F-8F47-CAB2A3669AFF}.Release|x86.ActiveCfg = Release|Any CPU
		{34729F31-ADB9-403F-8F47-CAB2A3669AFF}.Release|x86.Build.0 = Release|Any CPU
		{34729F31-ADB9-403F-8F47-CAB2A3669AFF}.Release-JP|Any CPU.ActiveCfg = Release|Any CPU
		{34729F31-ADB9-403F-8F47-CAB2A3669AFF}.Release-JP|Any CPU.Build.0 = Release|Any CPU
		{34729F31-ADB9-403F-8F47-CAB2A3669AFF}.Release-JP|x64.ActiveCfg = Release|Any CPU
		{34729F31-ADB9-403F-8F47-CAB2A3669AFF}.Release-JP|x64.Build.0 = Release|Any CPU
		{34729F31-ADB9-403F-8F47-CAB2A3669AFF}.Release-JP|x86.ActiveCfg = Release|Any CPU
		{34729F31-ADB9-403F-8F47-CAB2A3669AFF}.Release-JP|x86.Build.0 = Release|Any CPU
		{8E7279F8-F801-4672-B42F-1ED2C68B16A4}.Debug|Any CPU.ActiveCfg = Debug|Win32
		{8E7279F8-F801-4672-B42F-1ED2C68B16A4}.Debug|x64.ActiveCfg = Debug|x64
		{8E7279F8-F801-4672-B42F-1ED2C68B16A4}.Debug|x64.Build.0 = Debug|x64
		{8E7279F8-F801-4672-B42F-1ED2C68B16A4}.Debug|x86.ActiveCfg = Debug|Win32
		{8E7279F8-F801-4672-B42F-1ED2C68B16A4}.Debug|x86.Build.0 = Debug|Win32
		{8E7279F8-F801-4672-B42F-1ED2C68B16A4}.Debug-Minimal|Any CPU.ActiveCfg = Debug|Win32
		{8E7279F8-F801-4672-B42F-1ED2C68B16A4}.Debug-Minimal|Any CPU.Build.0 = Debug|Win32
		{8E7279F8-F801-4672-B42F-1ED2C68B16A4}.Debug-Minimal|x64.ActiveCfg = Debug|x64
		{8E7279F8-F801-4672-B42F-1ED2C68B16A4}.Debug-Minimal|x64.Build.0 = Debug|x64
		{8E7279F8-F801-4672-B42F-1ED2C68B16A4}.Debug-Minimal|x86.ActiveCfg = Debug|Win32
		{8E7279F8-F801-4672-B42F-1ED2C68B16A4}.Debug-Minimal|x86.Build.0 = Debug|Win32
		{8E7279F8-F801-4672-B42F-1ED2C68B16A4}.FxCop|Any CPU.ActiveCfg = Debug|Win32
		{8E7279F8-F801-4672-B42F-1ED2C68B16A4}.FxCop|Any CPU.Build.0 = Debug|Win32
		{8E7279F8-F801-4672-B42F-1ED2C68B16A4}.FxCop|x64.ActiveCfg = Debug|x64
		{8E7279F8-F801-4672-B42F-1ED2C68B16A4}.FxCop|x64.Build.0 = Debug|x64
		{8E7279F8-F801-4672-B42F-1ED2C68B16A4}.FxCop|x86.ActiveCfg = Debug|Win32
		{8E7279F8-F801-4672-B42F-1ED2C68B16A4}.FxCop|x86.Build.0 = Debug|Win32
		{8E7279F8-F801-4672-B42F-1ED2C68B16A4}.Publish|Any CPU.ActiveCfg = Debug|Win32
		{8E7279F8-F801-4672-B42F-1ED2C68B16A4}.Publish|Any CPU.Build.0 = Debug|Win32
		{8E7279F8-F801-4672-B42F-1ED2C68B16A4}.Publish|x64.ActiveCfg = Debug|x64
		{8E7279F8-F801-4672-B42F-1ED2C68B16A4}.Publish|x64.Build.0 = Debug|x64
		{8E7279F8-F801-4672-B42F-1ED2C68B16A4}.Publish|x86.ActiveCfg = Debug|Win32
		{8E7279F8-F801-4672-B42F-1ED2C68B16A4}.Publish|x86.Build.0 = Debug|Win32
		{8E7279F8-F801-4672-B42F-1ED2C68B16A4}.Release|Any CPU.ActiveCfg = Release|Win32
		{8E7279F8-F801-4672-B42F-1ED2C68B16A4}.Release|x64.ActiveCfg = Release|x64
		{8E7279F8-F801-4672-B42F-1ED2C68B16A4}.Release|x64.Build.0 = Release|x64
		{8E7279F8-F801-4672-B42F-1ED2C68B16A4}.Release|x86.ActiveCfg = Release|Win32
		{8E7279F8-F801-4672-B42F-1ED2C68B16A4}.Release|x86.Build.0 = Release|Win32
		{8E7279F8-F801-4672-B42F-1ED2C68B16A4}.Release-JP|Any CPU.ActiveCfg = Debug|Win32
		{8E7279F8-F801-4672-B42F-1ED2C68B16A4}.Release-JP|Any CPU.Build.0 = Debug|Win32
		{8E7279F8-F801-4672-B42F-1ED2C68B16A4}.Release-JP|x64.ActiveCfg = Release|x64
		{8E7279F8-F801-4672-B42F-1ED2C68B16A4}.Release-JP|x64.Build.0 = Release|x64
		{8E7279F8-F801-4672-B42F-1ED2C68B16A4}.Release-JP|x86.ActiveCfg = Release|Win32
		{8E7279F8-F801-4672-B42F-1ED2C68B16A4}.Release-JP|x86.Build.0 = Release|Win32
		{AE9562A0-FC4C-4E46-BA5D-D97BE3B2E1B2}.Debug|Any CPU.ActiveCfg = Debug|Any CPU
		{AE9562A0-FC4C-4E46-BA5D-D97BE3B2E1B2}.Debug|Any CPU.Build.0 = Debug|Any CPU
		{AE9562A0-FC4C-4E46-BA5D-D97BE3B2E1B2}.Debug|x64.ActiveCfg = Debug|Any CPU
		{AE9562A0-FC4C-4E46-BA5D-D97BE3B2E1B2}.Debug|x64.Build.0 = Debug|Any CPU
		{AE9562A0-FC4C-4E46-BA5D-D97BE3B2E1B2}.Debug|x86.ActiveCfg = Debug|Any CPU
		{AE9562A0-FC4C-4E46-BA5D-D97BE3B2E1B2}.Debug|x86.Build.0 = Debug|Any CPU
		{AE9562A0-FC4C-4E46-BA5D-D97BE3B2E1B2}.Debug-Minimal|Any CPU.ActiveCfg = Debug|Any CPU
		{AE9562A0-FC4C-4E46-BA5D-D97BE3B2E1B2}.Debug-Minimal|Any CPU.Build.0 = Debug|Any CPU
		{AE9562A0-FC4C-4E46-BA5D-D97BE3B2E1B2}.Debug-Minimal|x64.ActiveCfg = Debug|Any CPU
		{AE9562A0-FC4C-4E46-BA5D-D97BE3B2E1B2}.Debug-Minimal|x64.Build.0 = Debug|Any CPU
		{AE9562A0-FC4C-4E46-BA5D-D97BE3B2E1B2}.Debug-Minimal|x86.ActiveCfg = Debug|Any CPU
		{AE9562A0-FC4C-4E46-BA5D-D97BE3B2E1B2}.Debug-Minimal|x86.Build.0 = Debug|Any CPU
		{AE9562A0-FC4C-4E46-BA5D-D97BE3B2E1B2}.FxCop|Any CPU.ActiveCfg = Debug|Any CPU
		{AE9562A0-FC4C-4E46-BA5D-D97BE3B2E1B2}.FxCop|Any CPU.Build.0 = Debug|Any CPU
		{AE9562A0-FC4C-4E46-BA5D-D97BE3B2E1B2}.FxCop|x64.ActiveCfg = Debug|Any CPU
		{AE9562A0-FC4C-4E46-BA5D-D97BE3B2E1B2}.FxCop|x64.Build.0 = Debug|Any CPU
		{AE9562A0-FC4C-4E46-BA5D-D97BE3B2E1B2}.FxCop|x86.ActiveCfg = Debug|Any CPU
		{AE9562A0-FC4C-4E46-BA5D-D97BE3B2E1B2}.FxCop|x86.Build.0 = Debug|Any CPU
		{AE9562A0-FC4C-4E46-BA5D-D97BE3B2E1B2}.Publish|Any CPU.ActiveCfg = Debug|Any CPU
		{AE9562A0-FC4C-4E46-BA5D-D97BE3B2E1B2}.Publish|Any CPU.Build.0 = Debug|Any CPU
		{AE9562A0-FC4C-4E46-BA5D-D97BE3B2E1B2}.Publish|x64.ActiveCfg = Debug|Any CPU
		{AE9562A0-FC4C-4E46-BA5D-D97BE3B2E1B2}.Publish|x64.Build.0 = Debug|Any CPU
		{AE9562A0-FC4C-4E46-BA5D-D97BE3B2E1B2}.Publish|x86.ActiveCfg = Debug|Any CPU
		{AE9562A0-FC4C-4E46-BA5D-D97BE3B2E1B2}.Publish|x86.Build.0 = Debug|Any CPU
		{AE9562A0-FC4C-4E46-BA5D-D97BE3B2E1B2}.Release|Any CPU.ActiveCfg = Release|Any CPU
		{AE9562A0-FC4C-4E46-BA5D-D97BE3B2E1B2}.Release|Any CPU.Build.0 = Release|Any CPU
		{AE9562A0-FC4C-4E46-BA5D-D97BE3B2E1B2}.Release|x64.ActiveCfg = Release|Any CPU
		{AE9562A0-FC4C-4E46-BA5D-D97BE3B2E1B2}.Release|x64.Build.0 = Release|Any CPU
		{AE9562A0-FC4C-4E46-BA5D-D97BE3B2E1B2}.Release|x86.ActiveCfg = Release|Any CPU
		{AE9562A0-FC4C-4E46-BA5D-D97BE3B2E1B2}.Release|x86.Build.0 = Release|Any CPU
		{AE9562A0-FC4C-4E46-BA5D-D97BE3B2E1B2}.Release-JP|Any CPU.ActiveCfg = Release|Any CPU
		{AE9562A0-FC4C-4E46-BA5D-D97BE3B2E1B2}.Release-JP|Any CPU.Build.0 = Release|Any CPU
		{AE9562A0-FC4C-4E46-BA5D-D97BE3B2E1B2}.Release-JP|x64.ActiveCfg = Release|Any CPU
		{AE9562A0-FC4C-4E46-BA5D-D97BE3B2E1B2}.Release-JP|x64.Build.0 = Release|Any CPU
		{AE9562A0-FC4C-4E46-BA5D-D97BE3B2E1B2}.Release-JP|x86.ActiveCfg = Release|Any CPU
		{AE9562A0-FC4C-4E46-BA5D-D97BE3B2E1B2}.Release-JP|x86.Build.0 = Release|Any CPU
		{698BFD60-2846-4F8D-9F1A-3BD565BE954F}.Debug|Any CPU.ActiveCfg = Debug|Any CPU
		{698BFD60-2846-4F8D-9F1A-3BD565BE954F}.Debug|Any CPU.Build.0 = Debug|Any CPU
		{698BFD60-2846-4F8D-9F1A-3BD565BE954F}.Debug|x64.ActiveCfg = Debug|x64
		{698BFD60-2846-4F8D-9F1A-3BD565BE954F}.Debug|x64.Build.0 = Debug|x64
		{698BFD60-2846-4F8D-9F1A-3BD565BE954F}.Debug|x86.ActiveCfg = Debug|Any CPU
		{698BFD60-2846-4F8D-9F1A-3BD565BE954F}.Debug|x86.Build.0 = Debug|Any CPU
		{698BFD60-2846-4F8D-9F1A-3BD565BE954F}.Debug-Minimal|Any CPU.ActiveCfg = Debug|Any CPU
		{698BFD60-2846-4F8D-9F1A-3BD565BE954F}.Debug-Minimal|Any CPU.Build.0 = Debug|Any CPU
		{698BFD60-2846-4F8D-9F1A-3BD565BE954F}.Debug-Minimal|x64.ActiveCfg = Debug|x64
		{698BFD60-2846-4F8D-9F1A-3BD565BE954F}.Debug-Minimal|x64.Build.0 = Debug|x64
		{698BFD60-2846-4F8D-9F1A-3BD565BE954F}.Debug-Minimal|x86.ActiveCfg = Debug|Any CPU
		{698BFD60-2846-4F8D-9F1A-3BD565BE954F}.Debug-Minimal|x86.Build.0 = Debug|Any CPU
		{698BFD60-2846-4F8D-9F1A-3BD565BE954F}.FxCop|Any CPU.ActiveCfg = Debug|Any CPU
		{698BFD60-2846-4F8D-9F1A-3BD565BE954F}.FxCop|Any CPU.Build.0 = Debug|Any CPU
		{698BFD60-2846-4F8D-9F1A-3BD565BE954F}.FxCop|x64.ActiveCfg = Debug|x64
		{698BFD60-2846-4F8D-9F1A-3BD565BE954F}.FxCop|x64.Build.0 = Debug|x64
		{698BFD60-2846-4F8D-9F1A-3BD565BE954F}.FxCop|x86.ActiveCfg = Debug|Any CPU
		{698BFD60-2846-4F8D-9F1A-3BD565BE954F}.FxCop|x86.Build.0 = Debug|Any CPU
		{698BFD60-2846-4F8D-9F1A-3BD565BE954F}.Publish|Any CPU.ActiveCfg = Debug|Any CPU
		{698BFD60-2846-4F8D-9F1A-3BD565BE954F}.Publish|Any CPU.Build.0 = Debug|Any CPU
		{698BFD60-2846-4F8D-9F1A-3BD565BE954F}.Publish|x64.ActiveCfg = Debug|x64
		{698BFD60-2846-4F8D-9F1A-3BD565BE954F}.Publish|x64.Build.0 = Debug|x64
		{698BFD60-2846-4F8D-9F1A-3BD565BE954F}.Publish|x86.ActiveCfg = Debug|Any CPU
		{698BFD60-2846-4F8D-9F1A-3BD565BE954F}.Publish|x86.Build.0 = Debug|Any CPU
		{698BFD60-2846-4F8D-9F1A-3BD565BE954F}.Release|Any CPU.ActiveCfg = Release|Any CPU
		{698BFD60-2846-4F8D-9F1A-3BD565BE954F}.Release|Any CPU.Build.0 = Release|Any CPU
		{698BFD60-2846-4F8D-9F1A-3BD565BE954F}.Release|x64.ActiveCfg = Release|x64
		{698BFD60-2846-4F8D-9F1A-3BD565BE954F}.Release|x64.Build.0 = Release|x64
		{698BFD60-2846-4F8D-9F1A-3BD565BE954F}.Release|x86.ActiveCfg = Release|Any CPU
		{698BFD60-2846-4F8D-9F1A-3BD565BE954F}.Release|x86.Build.0 = Release|Any CPU
		{698BFD60-2846-4F8D-9F1A-3BD565BE954F}.Release-JP|Any CPU.ActiveCfg = Release|Any CPU
		{698BFD60-2846-4F8D-9F1A-3BD565BE954F}.Release-JP|Any CPU.Build.0 = Release|Any CPU
		{698BFD60-2846-4F8D-9F1A-3BD565BE954F}.Release-JP|x64.ActiveCfg = Release|x64
		{698BFD60-2846-4F8D-9F1A-3BD565BE954F}.Release-JP|x64.Build.0 = Release|x64
		{698BFD60-2846-4F8D-9F1A-3BD565BE954F}.Release-JP|x86.ActiveCfg = Release|Any CPU
		{698BFD60-2846-4F8D-9F1A-3BD565BE954F}.Release-JP|x86.Build.0 = Release|Any CPU
		{67CB1C69-DE71-4F9E-8C7C-1BA3AA8303EF}.Debug|Any CPU.ActiveCfg = Debug|Any CPU
		{67CB1C69-DE71-4F9E-8C7C-1BA3AA8303EF}.Debug|Any CPU.Build.0 = Debug|Any CPU
		{67CB1C69-DE71-4F9E-8C7C-1BA3AA8303EF}.Debug|x64.ActiveCfg = Debug|x64
		{67CB1C69-DE71-4F9E-8C7C-1BA3AA8303EF}.Debug|x64.Build.0 = Debug|x64
		{67CB1C69-DE71-4F9E-8C7C-1BA3AA8303EF}.Debug|x86.ActiveCfg = Debug|Any CPU
		{67CB1C69-DE71-4F9E-8C7C-1BA3AA8303EF}.Debug|x86.Build.0 = Debug|Any CPU
		{67CB1C69-DE71-4F9E-8C7C-1BA3AA8303EF}.Debug-Minimal|Any CPU.ActiveCfg = Debug|Any CPU
		{67CB1C69-DE71-4F9E-8C7C-1BA3AA8303EF}.Debug-Minimal|Any CPU.Build.0 = Debug|Any CPU
		{67CB1C69-DE71-4F9E-8C7C-1BA3AA8303EF}.Debug-Minimal|x64.ActiveCfg = Debug|x64
		{67CB1C69-DE71-4F9E-8C7C-1BA3AA8303EF}.Debug-Minimal|x64.Build.0 = Debug|x64
		{67CB1C69-DE71-4F9E-8C7C-1BA3AA8303EF}.Debug-Minimal|x86.ActiveCfg = Debug|Any CPU
		{67CB1C69-DE71-4F9E-8C7C-1BA3AA8303EF}.Debug-Minimal|x86.Build.0 = Debug|Any CPU
		{67CB1C69-DE71-4F9E-8C7C-1BA3AA8303EF}.FxCop|Any CPU.ActiveCfg = Debug|Any CPU
		{67CB1C69-DE71-4F9E-8C7C-1BA3AA8303EF}.FxCop|Any CPU.Build.0 = Debug|Any CPU
		{67CB1C69-DE71-4F9E-8C7C-1BA3AA8303EF}.FxCop|x64.ActiveCfg = Debug|x64
		{67CB1C69-DE71-4F9E-8C7C-1BA3AA8303EF}.FxCop|x64.Build.0 = Debug|x64
		{67CB1C69-DE71-4F9E-8C7C-1BA3AA8303EF}.FxCop|x86.ActiveCfg = Debug|Any CPU
		{67CB1C69-DE71-4F9E-8C7C-1BA3AA8303EF}.FxCop|x86.Build.0 = Debug|Any CPU
		{67CB1C69-DE71-4F9E-8C7C-1BA3AA8303EF}.Publish|Any CPU.ActiveCfg = Debug|Any CPU
		{67CB1C69-DE71-4F9E-8C7C-1BA3AA8303EF}.Publish|Any CPU.Build.0 = Debug|Any CPU
		{67CB1C69-DE71-4F9E-8C7C-1BA3AA8303EF}.Publish|x64.ActiveCfg = Debug|x64
		{67CB1C69-DE71-4F9E-8C7C-1BA3AA8303EF}.Publish|x64.Build.0 = Debug|x64
		{67CB1C69-DE71-4F9E-8C7C-1BA3AA8303EF}.Publish|x86.ActiveCfg = Debug|Any CPU
		{67CB1C69-DE71-4F9E-8C7C-1BA3AA8303EF}.Publish|x86.Build.0 = Debug|Any CPU
		{67CB1C69-DE71-4F9E-8C7C-1BA3AA8303EF}.Release|Any CPU.ActiveCfg = Release|Any CPU
		{67CB1C69-DE71-4F9E-8C7C-1BA3AA8303EF}.Release|Any CPU.Build.0 = Release|Any CPU
		{67CB1C69-DE71-4F9E-8C7C-1BA3AA8303EF}.Release|x64.ActiveCfg = Release|x64
		{67CB1C69-DE71-4F9E-8C7C-1BA3AA8303EF}.Release|x64.Build.0 = Release|x64
		{67CB1C69-DE71-4F9E-8C7C-1BA3AA8303EF}.Release|x86.ActiveCfg = Release|Any CPU
		{67CB1C69-DE71-4F9E-8C7C-1BA3AA8303EF}.Release|x86.Build.0 = Release|Any CPU
		{67CB1C69-DE71-4F9E-8C7C-1BA3AA8303EF}.Release-JP|Any CPU.ActiveCfg = Release|Any CPU
		{67CB1C69-DE71-4F9E-8C7C-1BA3AA8303EF}.Release-JP|Any CPU.Build.0 = Release|Any CPU
		{67CB1C69-DE71-4F9E-8C7C-1BA3AA8303EF}.Release-JP|x64.ActiveCfg = Release|x64
		{67CB1C69-DE71-4F9E-8C7C-1BA3AA8303EF}.Release-JP|x64.Build.0 = Release|x64
		{67CB1C69-DE71-4F9E-8C7C-1BA3AA8303EF}.Release-JP|x86.ActiveCfg = Release|Any CPU
		{67CB1C69-DE71-4F9E-8C7C-1BA3AA8303EF}.Release-JP|x86.Build.0 = Release|Any CPU
		{210D291B-091D-4627-983E-06D286837871}.Debug|Any CPU.ActiveCfg = Debug|Any CPU
		{210D291B-091D-4627-983E-06D286837871}.Debug|x64.ActiveCfg = Debug|Any CPU
		{210D291B-091D-4627-983E-06D286837871}.Debug|x86.ActiveCfg = Debug|Any CPU
		{210D291B-091D-4627-983E-06D286837871}.Debug-Minimal|Any CPU.ActiveCfg = Debug|Any CPU
		{210D291B-091D-4627-983E-06D286837871}.Debug-Minimal|x64.ActiveCfg = Debug|Any CPU
		{210D291B-091D-4627-983E-06D286837871}.Debug-Minimal|x86.ActiveCfg = Debug|Any CPU
		{210D291B-091D-4627-983E-06D286837871}.FxCop|Any CPU.ActiveCfg = Debug|Any CPU
		{210D291B-091D-4627-983E-06D286837871}.FxCop|x64.ActiveCfg = Debug|Any CPU
		{210D291B-091D-4627-983E-06D286837871}.FxCop|x86.ActiveCfg = Debug|Any CPU
		{210D291B-091D-4627-983E-06D286837871}.Publish|Any CPU.ActiveCfg = Debug|Any CPU
		{210D291B-091D-4627-983E-06D286837871}.Publish|x64.ActiveCfg = Debug|Any CPU
		{210D291B-091D-4627-983E-06D286837871}.Publish|x86.ActiveCfg = Debug|Any CPU
		{210D291B-091D-4627-983E-06D286837871}.Release|Any CPU.ActiveCfg = Release|Any CPU
		{210D291B-091D-4627-983E-06D286837871}.Release|x64.ActiveCfg = Release|Any CPU
		{210D291B-091D-4627-983E-06D286837871}.Release|x86.ActiveCfg = Release|Any CPU
		{210D291B-091D-4627-983E-06D286837871}.Release-JP|Any CPU.ActiveCfg = Release|Any CPU
		{210D291B-091D-4627-983E-06D286837871}.Release-JP|x64.ActiveCfg = Release|Any CPU
		{210D291B-091D-4627-983E-06D286837871}.Release-JP|x86.ActiveCfg = Release|Any CPU
		{90DEB16E-68C5-45C6-9520-2916B07114D6}.Debug|Any CPU.ActiveCfg = Debug|Any CPU
		{90DEB16E-68C5-45C6-9520-2916B07114D6}.Debug|Any CPU.Build.0 = Debug|Any CPU
		{90DEB16E-68C5-45C6-9520-2916B07114D6}.Debug|x64.ActiveCfg = Debug|Any CPU
		{90DEB16E-68C5-45C6-9520-2916B07114D6}.Debug|x64.Build.0 = Debug|Any CPU
		{90DEB16E-68C5-45C6-9520-2916B07114D6}.Debug|x86.ActiveCfg = Debug|Any CPU
		{90DEB16E-68C5-45C6-9520-2916B07114D6}.Debug|x86.Build.0 = Debug|Any CPU
		{90DEB16E-68C5-45C6-9520-2916B07114D6}.Debug-Minimal|Any CPU.ActiveCfg = Debug|Any CPU
		{90DEB16E-68C5-45C6-9520-2916B07114D6}.Debug-Minimal|Any CPU.Build.0 = Debug|Any CPU
		{90DEB16E-68C5-45C6-9520-2916B07114D6}.Debug-Minimal|x64.ActiveCfg = Debug|Any CPU
		{90DEB16E-68C5-45C6-9520-2916B07114D6}.Debug-Minimal|x64.Build.0 = Debug|Any CPU
		{90DEB16E-68C5-45C6-9520-2916B07114D6}.Debug-Minimal|x86.ActiveCfg = Debug|Any CPU
		{90DEB16E-68C5-45C6-9520-2916B07114D6}.Debug-Minimal|x86.Build.0 = Debug|Any CPU
		{90DEB16E-68C5-45C6-9520-2916B07114D6}.FxCop|Any CPU.ActiveCfg = Debug|Any CPU
		{90DEB16E-68C5-45C6-9520-2916B07114D6}.FxCop|Any CPU.Build.0 = Debug|Any CPU
		{90DEB16E-68C5-45C6-9520-2916B07114D6}.FxCop|x64.ActiveCfg = Debug|Any CPU
		{90DEB16E-68C5-45C6-9520-2916B07114D6}.FxCop|x64.Build.0 = Debug|Any CPU
		{90DEB16E-68C5-45C6-9520-2916B07114D6}.FxCop|x86.ActiveCfg = Debug|Any CPU
		{90DEB16E-68C5-45C6-9520-2916B07114D6}.FxCop|x86.Build.0 = Debug|Any CPU
		{90DEB16E-68C5-45C6-9520-2916B07114D6}.Publish|Any CPU.ActiveCfg = Debug|Any CPU
		{90DEB16E-68C5-45C6-9520-2916B07114D6}.Publish|Any CPU.Build.0 = Debug|Any CPU
		{90DEB16E-68C5-45C6-9520-2916B07114D6}.Publish|x64.ActiveCfg = Debug|Any CPU
		{90DEB16E-68C5-45C6-9520-2916B07114D6}.Publish|x64.Build.0 = Debug|Any CPU
		{90DEB16E-68C5-45C6-9520-2916B07114D6}.Publish|x86.ActiveCfg = Debug|Any CPU
		{90DEB16E-68C5-45C6-9520-2916B07114D6}.Publish|x86.Build.0 = Debug|Any CPU
		{90DEB16E-68C5-45C6-9520-2916B07114D6}.Release|Any CPU.ActiveCfg = Release|Any CPU
		{90DEB16E-68C5-45C6-9520-2916B07114D6}.Release|Any CPU.Build.0 = Release|Any CPU
		{90DEB16E-68C5-45C6-9520-2916B07114D6}.Release|x64.ActiveCfg = Release|Any CPU
		{90DEB16E-68C5-45C6-9520-2916B07114D6}.Release|x64.Build.0 = Release|Any CPU
		{90DEB16E-68C5-45C6-9520-2916B07114D6}.Release|x86.ActiveCfg = Release|Any CPU
		{90DEB16E-68C5-45C6-9520-2916B07114D6}.Release|x86.Build.0 = Release|Any CPU
		{90DEB16E-68C5-45C6-9520-2916B07114D6}.Release-JP|Any CPU.ActiveCfg = Release|Any CPU
		{90DEB16E-68C5-45C6-9520-2916B07114D6}.Release-JP|Any CPU.Build.0 = Release|Any CPU
		{90DEB16E-68C5-45C6-9520-2916B07114D6}.Release-JP|x64.ActiveCfg = Release|Any CPU
		{90DEB16E-68C5-45C6-9520-2916B07114D6}.Release-JP|x64.Build.0 = Release|Any CPU
		{90DEB16E-68C5-45C6-9520-2916B07114D6}.Release-JP|x86.ActiveCfg = Release|Any CPU
		{90DEB16E-68C5-45C6-9520-2916B07114D6}.Release-JP|x86.Build.0 = Release|Any CPU
		{BF9D945B-70E0-4192-8156-5871B8BCA1D3}.Debug|Any CPU.ActiveCfg = Debug|Any CPU
		{BF9D945B-70E0-4192-8156-5871B8BCA1D3}.Debug|Any CPU.Build.0 = Debug|Any CPU
		{BF9D945B-70E0-4192-8156-5871B8BCA1D3}.Debug|x64.ActiveCfg = Debug|x64
		{BF9D945B-70E0-4192-8156-5871B8BCA1D3}.Debug|x64.Build.0 = Debug|x64
		{BF9D945B-70E0-4192-8156-5871B8BCA1D3}.Debug|x86.ActiveCfg = Debug|Any CPU
		{BF9D945B-70E0-4192-8156-5871B8BCA1D3}.Debug|x86.Build.0 = Debug|Any CPU
		{BF9D945B-70E0-4192-8156-5871B8BCA1D3}.Debug-Minimal|Any CPU.ActiveCfg = Debug|Any CPU
		{BF9D945B-70E0-4192-8156-5871B8BCA1D3}.Debug-Minimal|Any CPU.Build.0 = Debug|Any CPU
		{BF9D945B-70E0-4192-8156-5871B8BCA1D3}.Debug-Minimal|x64.ActiveCfg = Debug|x64
		{BF9D945B-70E0-4192-8156-5871B8BCA1D3}.Debug-Minimal|x64.Build.0 = Debug|x64
		{BF9D945B-70E0-4192-8156-5871B8BCA1D3}.Debug-Minimal|x86.ActiveCfg = Debug|Any CPU
		{BF9D945B-70E0-4192-8156-5871B8BCA1D3}.Debug-Minimal|x86.Build.0 = Debug|Any CPU
		{BF9D945B-70E0-4192-8156-5871B8BCA1D3}.FxCop|Any CPU.ActiveCfg = Debug|Any CPU
		{BF9D945B-70E0-4192-8156-5871B8BCA1D3}.FxCop|Any CPU.Build.0 = Debug|Any CPU
		{BF9D945B-70E0-4192-8156-5871B8BCA1D3}.FxCop|x64.ActiveCfg = Debug|x64
		{BF9D945B-70E0-4192-8156-5871B8BCA1D3}.FxCop|x64.Build.0 = Debug|x64
		{BF9D945B-70E0-4192-8156-5871B8BCA1D3}.FxCop|x86.ActiveCfg = Debug|Any CPU
		{BF9D945B-70E0-4192-8156-5871B8BCA1D3}.FxCop|x86.Build.0 = Debug|Any CPU
		{BF9D945B-70E0-4192-8156-5871B8BCA1D3}.Publish|Any CPU.ActiveCfg = Debug|Any CPU
		{BF9D945B-70E0-4192-8156-5871B8BCA1D3}.Publish|Any CPU.Build.0 = Debug|Any CPU
		{BF9D945B-70E0-4192-8156-5871B8BCA1D3}.Publish|x64.ActiveCfg = Debug|x64
		{BF9D945B-70E0-4192-8156-5871B8BCA1D3}.Publish|x64.Build.0 = Debug|x64
		{BF9D945B-70E0-4192-8156-5871B8BCA1D3}.Publish|x86.ActiveCfg = Debug|Any CPU
		{BF9D945B-70E0-4192-8156-5871B8BCA1D3}.Publish|x86.Build.0 = Debug|Any CPU
		{BF9D945B-70E0-4192-8156-5871B8BCA1D3}.Release|Any CPU.ActiveCfg = Release|Any CPU
		{BF9D945B-70E0-4192-8156-5871B8BCA1D3}.Release|Any CPU.Build.0 = Release|Any CPU
		{BF9D945B-70E0-4192-8156-5871B8BCA1D3}.Release|x64.ActiveCfg = Release|x64
		{BF9D945B-70E0-4192-8156-5871B8BCA1D3}.Release|x64.Build.0 = Release|x64
		{BF9D945B-70E0-4192-8156-5871B8BCA1D3}.Release|x86.ActiveCfg = Release|Any CPU
		{BF9D945B-70E0-4192-8156-5871B8BCA1D3}.Release|x86.Build.0 = Release|Any CPU
		{BF9D945B-70E0-4192-8156-5871B8BCA1D3}.Release-JP|Any CPU.ActiveCfg = Release|Any CPU
		{BF9D945B-70E0-4192-8156-5871B8BCA1D3}.Release-JP|Any CPU.Build.0 = Release|Any CPU
		{BF9D945B-70E0-4192-8156-5871B8BCA1D3}.Release-JP|x64.ActiveCfg = Release|x64
		{BF9D945B-70E0-4192-8156-5871B8BCA1D3}.Release-JP|x64.Build.0 = Release|x64
		{BF9D945B-70E0-4192-8156-5871B8BCA1D3}.Release-JP|x86.ActiveCfg = Release|Any CPU
		{BF9D945B-70E0-4192-8156-5871B8BCA1D3}.Release-JP|x86.Build.0 = Release|Any CPU
		{5624CC2D-34CF-407F-98E1-1A4859E64BF0}.Debug|Any CPU.ActiveCfg = Debug|Any CPU
		{5624CC2D-34CF-407F-98E1-1A4859E64BF0}.Debug|Any CPU.Build.0 = Debug|Any CPU
		{5624CC2D-34CF-407F-98E1-1A4859E64BF0}.Debug|x64.ActiveCfg = Debug|Any CPU
		{5624CC2D-34CF-407F-98E1-1A4859E64BF0}.Debug|x64.Build.0 = Debug|Any CPU
		{5624CC2D-34CF-407F-98E1-1A4859E64BF0}.Debug|x86.ActiveCfg = Debug|Any CPU
		{5624CC2D-34CF-407F-98E1-1A4859E64BF0}.Debug|x86.Build.0 = Debug|Any CPU
		{5624CC2D-34CF-407F-98E1-1A4859E64BF0}.Debug-Minimal|Any CPU.ActiveCfg = Debug|Any CPU
		{5624CC2D-34CF-407F-98E1-1A4859E64BF0}.Debug-Minimal|Any CPU.Build.0 = Debug|Any CPU
		{5624CC2D-34CF-407F-98E1-1A4859E64BF0}.Debug-Minimal|x64.ActiveCfg = Debug|Any CPU
		{5624CC2D-34CF-407F-98E1-1A4859E64BF0}.Debug-Minimal|x64.Build.0 = Debug|Any CPU
		{5624CC2D-34CF-407F-98E1-1A4859E64BF0}.Debug-Minimal|x86.ActiveCfg = Debug|Any CPU
		{5624CC2D-34CF-407F-98E1-1A4859E64BF0}.Debug-Minimal|x86.Build.0 = Debug|Any CPU
		{5624CC2D-34CF-407F-98E1-1A4859E64BF0}.FxCop|Any CPU.ActiveCfg = Debug|Any CPU
		{5624CC2D-34CF-407F-98E1-1A4859E64BF0}.FxCop|Any CPU.Build.0 = Debug|Any CPU
		{5624CC2D-34CF-407F-98E1-1A4859E64BF0}.FxCop|x64.ActiveCfg = Debug|Any CPU
		{5624CC2D-34CF-407F-98E1-1A4859E64BF0}.FxCop|x64.Build.0 = Debug|Any CPU
		{5624CC2D-34CF-407F-98E1-1A4859E64BF0}.FxCop|x86.ActiveCfg = Debug|Any CPU
		{5624CC2D-34CF-407F-98E1-1A4859E64BF0}.FxCop|x86.Build.0 = Debug|Any CPU
		{5624CC2D-34CF-407F-98E1-1A4859E64BF0}.Publish|Any CPU.ActiveCfg = Debug|Any CPU
		{5624CC2D-34CF-407F-98E1-1A4859E64BF0}.Publish|Any CPU.Build.0 = Debug|Any CPU
		{5624CC2D-34CF-407F-98E1-1A4859E64BF0}.Publish|x64.ActiveCfg = Debug|Any CPU
		{5624CC2D-34CF-407F-98E1-1A4859E64BF0}.Publish|x64.Build.0 = Debug|Any CPU
		{5624CC2D-34CF-407F-98E1-1A4859E64BF0}.Publish|x86.ActiveCfg = Debug|Any CPU
		{5624CC2D-34CF-407F-98E1-1A4859E64BF0}.Publish|x86.Build.0 = Debug|Any CPU
		{5624CC2D-34CF-407F-98E1-1A4859E64BF0}.Release|Any CPU.ActiveCfg = Release|Any CPU
		{5624CC2D-34CF-407F-98E1-1A4859E64BF0}.Release|Any CPU.Build.0 = Release|Any CPU
		{5624CC2D-34CF-407F-98E1-1A4859E64BF0}.Release|x64.ActiveCfg = Release|Any CPU
		{5624CC2D-34CF-407F-98E1-1A4859E64BF0}.Release|x64.Build.0 = Release|Any CPU
		{5624CC2D-34CF-407F-98E1-1A4859E64BF0}.Release|x86.ActiveCfg = Release|Any CPU
		{5624CC2D-34CF-407F-98E1-1A4859E64BF0}.Release|x86.Build.0 = Release|Any CPU
		{5624CC2D-34CF-407F-98E1-1A4859E64BF0}.Release-JP|Any CPU.ActiveCfg = Release|Any CPU
		{5624CC2D-34CF-407F-98E1-1A4859E64BF0}.Release-JP|Any CPU.Build.0 = Release|Any CPU
		{5624CC2D-34CF-407F-98E1-1A4859E64BF0}.Release-JP|x64.ActiveCfg = Release|Any CPU
		{5624CC2D-34CF-407F-98E1-1A4859E64BF0}.Release-JP|x64.Build.0 = Release|Any CPU
		{5624CC2D-34CF-407F-98E1-1A4859E64BF0}.Release-JP|x86.ActiveCfg = Release|Any CPU
		{5624CC2D-34CF-407F-98E1-1A4859E64BF0}.Release-JP|x86.Build.0 = Release|Any CPU
		{8839E469-038C-417B-AFF5-2DD196843E2C}.Debug|Any CPU.ActiveCfg = Debug|Any CPU
		{8839E469-038C-417B-AFF5-2DD196843E2C}.Debug|Any CPU.Build.0 = Debug|Any CPU
		{8839E469-038C-417B-AFF5-2DD196843E2C}.Debug|x64.ActiveCfg = Debug|Any CPU
		{8839E469-038C-417B-AFF5-2DD196843E2C}.Debug|x64.Build.0 = Debug|Any CPU
		{8839E469-038C-417B-AFF5-2DD196843E2C}.Debug|x86.ActiveCfg = Debug|Any CPU
		{8839E469-038C-417B-AFF5-2DD196843E2C}.Debug|x86.Build.0 = Debug|Any CPU
		{8839E469-038C-417B-AFF5-2DD196843E2C}.Debug-Minimal|Any CPU.ActiveCfg = Debug|Any CPU
		{8839E469-038C-417B-AFF5-2DD196843E2C}.Debug-Minimal|Any CPU.Build.0 = Debug|Any CPU
		{8839E469-038C-417B-AFF5-2DD196843E2C}.Debug-Minimal|x64.ActiveCfg = Debug|Any CPU
		{8839E469-038C-417B-AFF5-2DD196843E2C}.Debug-Minimal|x64.Build.0 = Debug|Any CPU
		{8839E469-038C-417B-AFF5-2DD196843E2C}.Debug-Minimal|x86.ActiveCfg = Debug|Any CPU
		{8839E469-038C-417B-AFF5-2DD196843E2C}.Debug-Minimal|x86.Build.0 = Debug|Any CPU
		{8839E469-038C-417B-AFF5-2DD196843E2C}.FxCop|Any CPU.ActiveCfg = Debug|Any CPU
		{8839E469-038C-417B-AFF5-2DD196843E2C}.FxCop|Any CPU.Build.0 = Debug|Any CPU
		{8839E469-038C-417B-AFF5-2DD196843E2C}.FxCop|x64.ActiveCfg = Debug|Any CPU
		{8839E469-038C-417B-AFF5-2DD196843E2C}.FxCop|x64.Build.0 = Debug|Any CPU
		{8839E469-038C-417B-AFF5-2DD196843E2C}.FxCop|x86.ActiveCfg = Debug|Any CPU
		{8839E469-038C-417B-AFF5-2DD196843E2C}.FxCop|x86.Build.0 = Debug|Any CPU
		{8839E469-038C-417B-AFF5-2DD196843E2C}.Publish|Any CPU.ActiveCfg = Debug|Any CPU
		{8839E469-038C-417B-AFF5-2DD196843E2C}.Publish|Any CPU.Build.0 = Debug|Any CPU
		{8839E469-038C-417B-AFF5-2DD196843E2C}.Publish|x64.ActiveCfg = Debug|Any CPU
		{8839E469-038C-417B-AFF5-2DD196843E2C}.Publish|x64.Build.0 = Debug|Any CPU
		{8839E469-038C-417B-AFF5-2DD196843E2C}.Publish|x86.ActiveCfg = Debug|Any CPU
		{8839E469-038C-417B-AFF5-2DD196843E2C}.Publish|x86.Build.0 = Debug|Any CPU
		{8839E469-038C-417B-AFF5-2DD196843E2C}.Release|Any CPU.ActiveCfg = Release|Any CPU
		{8839E469-038C-417B-AFF5-2DD196843E2C}.Release|Any CPU.Build.0 = Release|Any CPU
		{8839E469-038C-417B-AFF5-2DD196843E2C}.Release|x64.ActiveCfg = Release|Any CPU
		{8839E469-038C-417B-AFF5-2DD196843E2C}.Release|x64.Build.0 = Release|Any CPU
		{8839E469-038C-417B-AFF5-2DD196843E2C}.Release|x86.ActiveCfg = Release|Any CPU
		{8839E469-038C-417B-AFF5-2DD196843E2C}.Release|x86.Build.0 = Release|Any CPU
		{8839E469-038C-417B-AFF5-2DD196843E2C}.Release-JP|Any CPU.ActiveCfg = Release|Any CPU
		{8839E469-038C-417B-AFF5-2DD196843E2C}.Release-JP|Any CPU.Build.0 = Release|Any CPU
		{8839E469-038C-417B-AFF5-2DD196843E2C}.Release-JP|x64.ActiveCfg = Release|Any CPU
		{8839E469-038C-417B-AFF5-2DD196843E2C}.Release-JP|x64.Build.0 = Release|Any CPU
		{8839E469-038C-417B-AFF5-2DD196843E2C}.Release-JP|x86.ActiveCfg = Release|Any CPU
		{8839E469-038C-417B-AFF5-2DD196843E2C}.Release-JP|x86.Build.0 = Release|Any CPU
		{CCE71ADF-51AE-4EE7-A105-F60940DE4BFB}.Debug|Any CPU.ActiveCfg = Debug|Any CPU
		{CCE71ADF-51AE-4EE7-A105-F60940DE4BFB}.Debug|Any CPU.Build.0 = Debug|Any CPU
		{CCE71ADF-51AE-4EE7-A105-F60940DE4BFB}.Debug|x64.ActiveCfg = Debug|Any CPU
		{CCE71ADF-51AE-4EE7-A105-F60940DE4BFB}.Debug|x64.Build.0 = Debug|Any CPU
		{CCE71ADF-51AE-4EE7-A105-F60940DE4BFB}.Debug|x86.ActiveCfg = Debug|Any CPU
		{CCE71ADF-51AE-4EE7-A105-F60940DE4BFB}.Debug|x86.Build.0 = Debug|Any CPU
		{CCE71ADF-51AE-4EE7-A105-F60940DE4BFB}.Debug-Minimal|Any CPU.ActiveCfg = Debug|Any CPU
		{CCE71ADF-51AE-4EE7-A105-F60940DE4BFB}.Debug-Minimal|Any CPU.Build.0 = Debug|Any CPU
		{CCE71ADF-51AE-4EE7-A105-F60940DE4BFB}.Debug-Minimal|x64.ActiveCfg = Debug|Any CPU
		{CCE71ADF-51AE-4EE7-A105-F60940DE4BFB}.Debug-Minimal|x64.Build.0 = Debug|Any CPU
		{CCE71ADF-51AE-4EE7-A105-F60940DE4BFB}.Debug-Minimal|x86.ActiveCfg = Debug|Any CPU
		{CCE71ADF-51AE-4EE7-A105-F60940DE4BFB}.Debug-Minimal|x86.Build.0 = Debug|Any CPU
		{CCE71ADF-51AE-4EE7-A105-F60940DE4BFB}.FxCop|Any CPU.ActiveCfg = Debug|Any CPU
		{CCE71ADF-51AE-4EE7-A105-F60940DE4BFB}.FxCop|Any CPU.Build.0 = Debug|Any CPU
		{CCE71ADF-51AE-4EE7-A105-F60940DE4BFB}.FxCop|x64.ActiveCfg = Debug|Any CPU
		{CCE71ADF-51AE-4EE7-A105-F60940DE4BFB}.FxCop|x64.Build.0 = Debug|Any CPU
		{CCE71ADF-51AE-4EE7-A105-F60940DE4BFB}.FxCop|x86.ActiveCfg = Debug|Any CPU
		{CCE71ADF-51AE-4EE7-A105-F60940DE4BFB}.FxCop|x86.Build.0 = Debug|Any CPU
		{CCE71ADF-51AE-4EE7-A105-F60940DE4BFB}.Publish|Any CPU.ActiveCfg = Debug|Any CPU
		{CCE71ADF-51AE-4EE7-A105-F60940DE4BFB}.Publish|Any CPU.Build.0 = Debug|Any CPU
		{CCE71ADF-51AE-4EE7-A105-F60940DE4BFB}.Publish|x64.ActiveCfg = Debug|Any CPU
		{CCE71ADF-51AE-4EE7-A105-F60940DE4BFB}.Publish|x64.Build.0 = Debug|Any CPU
		{CCE71ADF-51AE-4EE7-A105-F60940DE4BFB}.Publish|x86.ActiveCfg = Debug|Any CPU
		{CCE71ADF-51AE-4EE7-A105-F60940DE4BFB}.Publish|x86.Build.0 = Debug|Any CPU
		{CCE71ADF-51AE-4EE7-A105-F60940DE4BFB}.Release|Any CPU.ActiveCfg = Release|Any CPU
		{CCE71ADF-51AE-4EE7-A105-F60940DE4BFB}.Release|Any CPU.Build.0 = Release|Any CPU
		{CCE71ADF-51AE-4EE7-A105-F60940DE4BFB}.Release|x64.ActiveCfg = Release|Any CPU
		{CCE71ADF-51AE-4EE7-A105-F60940DE4BFB}.Release|x64.Build.0 = Release|Any CPU
		{CCE71ADF-51AE-4EE7-A105-F60940DE4BFB}.Release|x86.ActiveCfg = Release|Any CPU
		{CCE71ADF-51AE-4EE7-A105-F60940DE4BFB}.Release|x86.Build.0 = Release|Any CPU
		{CCE71ADF-51AE-4EE7-A105-F60940DE4BFB}.Release-JP|Any CPU.ActiveCfg = Release|Any CPU
		{CCE71ADF-51AE-4EE7-A105-F60940DE4BFB}.Release-JP|Any CPU.Build.0 = Release|Any CPU
		{CCE71ADF-51AE-4EE7-A105-F60940DE4BFB}.Release-JP|x64.ActiveCfg = Release|Any CPU
		{CCE71ADF-51AE-4EE7-A105-F60940DE4BFB}.Release-JP|x64.Build.0 = Release|Any CPU
		{CCE71ADF-51AE-4EE7-A105-F60940DE4BFB}.Release-JP|x86.ActiveCfg = Release|Any CPU
		{CCE71ADF-51AE-4EE7-A105-F60940DE4BFB}.Release-JP|x86.Build.0 = Release|Any CPU
	EndGlobalSection
	GlobalSection(SolutionProperties) = preSolution
		HideSolutionNode = FALSE
	EndGlobalSection
	GlobalSection(NestedProjects) = preSolution
		{EA9A8EDA-CE47-4312-B167-66748C3357E1} = {9F2824C1-3BEC-4B46-B7EA-030F4B7D0A6E}
		{C7A9BB04-DF91-4D91-9D0D-4A3BA8492106} = {9F2824C1-3BEC-4B46-B7EA-030F4B7D0A6E}
		{5B33116E-A077-4CDD-9485-6E62DB5BF961} = {9F2824C1-3BEC-4B46-B7EA-030F4B7D0A6E}
		{0183AF01-106C-4933-AAED-F076FF7736FA} = {9F2824C1-3BEC-4B46-B7EA-030F4B7D0A6E}
		{3C8DE9AA-2BB9-4E3E-8ABA-D23A7DDE5A77} = {9F2824C1-3BEC-4B46-B7EA-030F4B7D0A6E}
		{A591EA5E-37B2-440C-B736-7E443DCA8678} = {9F2824C1-3BEC-4B46-B7EA-030F4B7D0A6E}
		{FB1F9E4D-D611-4728-90AC-3ADB50912488} = {9F2824C1-3BEC-4B46-B7EA-030F4B7D0A6E}
		{6EC5B5F3-198A-4C68-8308-913E0E4C2041} = {2E92DFBB-0FB9-41F1-8A66-1C4638B7AD61}
		{A268C7E0-F2F0-48EB-8CF3-4910E648C3C5} = {2E92DFBB-0FB9-41F1-8A66-1C4638B7AD61}
		{2C10842D-AD53-44C2-B616-C8BA8DA55DE3} = {2E92DFBB-0FB9-41F1-8A66-1C4638B7AD61}
		{0DD37FD5-2156-44DE-A25C-89ADAE050558} = {9F2824C1-3BEC-4B46-B7EA-030F4B7D0A6E}
		{08075A10-3AC8-48A5-9635-567997654B28} = {43F5FF4F-9E07-4929-868C-14E576005A85}
		{DF6AFBE3-1B4E-45B7-9718-E7AE059CC6A2} = {43F5FF4F-9E07-4929-868C-14E576005A85}
		{6DDAAA4B-2E22-4E7F-BC16-73A72F87FFB1} = {43F5FF4F-9E07-4929-868C-14E576005A85}
		{C841B233-01FE-4981-BC6F-56A7E54C5E36} = {43F5FF4F-9E07-4929-868C-14E576005A85}
		{E4666B99-145A-436D-9540-2E4593A061A6} = {43F5FF4F-9E07-4929-868C-14E576005A85}
		{34729F31-ADB9-403F-8F47-CAB2A3669AFF} = {43F5FF4F-9E07-4929-868C-14E576005A85}
		{8E7279F8-F801-4672-B42F-1ED2C68B16A4} = {43F5FF4F-9E07-4929-868C-14E576005A85}
		{AE9562A0-FC4C-4E46-BA5D-D97BE3B2E1B2} = {2E92DFBB-0FB9-41F1-8A66-1C4638B7AD61}
		{698BFD60-2846-4F8D-9F1A-3BD565BE954F} = {2E92DFBB-0FB9-41F1-8A66-1C4638B7AD61}
		{67CB1C69-DE71-4F9E-8C7C-1BA3AA8303EF} = {2E92DFBB-0FB9-41F1-8A66-1C4638B7AD61}
		{BF9D945B-70E0-4192-8156-5871B8BCA1D3} = {2E92DFBB-0FB9-41F1-8A66-1C4638B7AD61}
		{5624CC2D-34CF-407F-98E1-1A4859E64BF0} = {5F7F2A11-D31D-418C-9277-BE7F8166113B}
	EndGlobalSection
	GlobalSection(ExtensibilityGlobals) = postSolution
		SolutionGuid = {9314038E-9513-4216-9290-8C7D3DCC846C}
	EndGlobalSection
EndGlobal
